PODS:
  - AWSAuthCore (2.33.7):
    - AWSCore (= 2.33.7)
  - AWSCognitoIdentityProvider (2.33.7):
    - AWSCognitoIdentityProviderASF (= 2.33.7)
    - AWSCore (= 2.33.7)
  - AWSCognitoIdentityProviderASF (2.33.7):
    - AWSCore (= 2.33.7)
  - AWSCore (2.33.7)
  - AWSMobileClient (2.33.7):
    - AWSAuthCore (= 2.33.7)
    - AWSCognitoIdentityProvider (= 2.33.7)
    - AWSCognitoIdentityProviderASF (= 2.33.7)
    - AWSCore (= 2.33.7)
  - AWSPinpoint (2.33.7):
    - AWSCore (= 2.33.7)
  - Google-Maps-iOS-Utils (4.2.2):
    - Google-Maps-iOS-Utils/Clustering (= 4.2.2)
    - Google-Maps-iOS-Utils/Geometry (= 4.2.2)
    - Google-Maps-iOS-Utils/GeometryUtils (= 4.2.2)
    - Google-Maps-iOS-Utils/Heatmap (= 4.2.2)
    - Google-Maps-iOS-Utils/QuadTree (= 4.2.2)
    - GoogleMaps (~> 7.3)
  - Google-Maps-iOS-Utils/Clustering (4.2.2):
    - Google-Maps-iOS-Utils/QuadTree
    - GoogleMaps (~> 7.3)
  - Google-Maps-iOS-Utils/Geometry (4.2.2):
    - GoogleMaps (~> 7.3)
  - Google-Maps-iOS-Utils/GeometryUtils (4.2.2):
    - GoogleMaps (~> 7.3)
  - Google-Maps-iOS-Utils/Heatmap (4.2.2):
    - Google-Maps-iOS-Utils/QuadTree
    - GoogleMaps (~> 7.3)
  - Google-Maps-iOS-Utils/QuadTree (4.2.2):
    - GoogleMaps (~> 7.3)
  - GoogleMaps (7.4.0):
    - GoogleMaps/Maps (= 7.4.0)
  - GoogleMaps/Base (7.4.0)
  - GoogleMaps/Maps (7.4.0):
    - GoogleMaps/Base
  - MapboxCommon (23.8.0)
  - MapboxCoreMaps (10.16.0):
    - MapboxCommon (~> 23.8)
  - MapboxMaps (10.16.0):
    - MapboxCommon (= 23.8.0)
    - MapboxCoreMaps (= 10.16.0)
    - MapboxMobileEvents (= 1.0.10)
    - Turf (~> 2.0)
  - MapboxMobileEvents (1.0.10)
  - Starscream (4.0.6)
  - SwiftUI-Shimmer (1.4.0)
  - Turf (2.7.0)

DEPENDENCIES:
  - AWSMobileClient
  - AWSPinpoint
  - Google-Maps-iOS-Utils (~> 4.2.2)
  - GoogleMaps (~> 7.3)
  - MapboxMaps (= 10.16.0)
  - Starscream
  - SwiftUI-Shimmer (from `https://github.com/markiv/SwiftUI-Shimmer.git`)

SPEC REPOS:
  trunk:
    - AWSAuthCore
    - AWSCognitoIdentityProvider
    - AWSCognitoIdentityProviderASF
    - AWSCore
    - AWSMobileClient
    - AWSPinpoint
    - Google-Maps-iOS-Utils
    - GoogleMaps
    - MapboxCommon
    - MapboxCoreMaps
    - MapboxMaps
    - MapboxMobileEvents
    - Starscream
    - Turf

EXTERNAL SOURCES:
  SwiftUI-Shimmer:
    :git: https://github.com/markiv/SwiftUI-Shimmer.git

CHECKOUT OPTIONS:
  SwiftUI-Shimmer:
    :commit: 2c632edd0832213aec63910bdd6903ef84389a2f
    :git: https://github.com/markiv/SwiftUI-Shimmer.git

SPEC CHECKSUMS:
  AWSAuthCore: 51c4202193628553f49cfbb4ac0aeb9e2d165222
  AWSCognitoIdentityProvider: d72e973d59c31d73c3c75a66df79a6d037514a48
  AWSCognitoIdentityProviderASF: 9c36e09a40b21cf4e876dc9f33c3dedbfe7918de
  AWSCore: 10aacb924ce957fa8d15e727a80f41740d90fed8
  AWSMobileClient: a509c1dfb7a08d018ce73e5f88099054668889b3
  AWSPinpoint: 39d5155323703a6a868202355ced1ef0dd8d59e2
  Google-Maps-iOS-Utils: f77eab4c4326d7e6a277f8e23a0232402731913a
  GoogleMaps: 032f676450ba0779bd8ce16840690915f84e57ac
  MapboxCommon: 8592a003eae487508461d452d62cfc5906a9682a
  MapboxCoreMaps: faa14a797417dc32088c98019a3ce72e46cda5cd
  MapboxMaps: f10aecadbfb7cf96368852ca313101eb4171da53
  MapboxMobileEvents: de50b3a4de180dd129c326e09cd12c8adaaa46d6
  Starscream: fb2c4510bebf908c62bd383bcf05e673720e91fd
  SwiftUI-Shimmer: 26954ba07da310a50e24a3e54ce5684951ebbc17
  Turf: 13d1a92d969ca0311bbc26e8356cca178ce95da2

PODFILE CHECKSUM: 955aa11fcd062259f11437ff4e6d119449eaadb4

COCOAPODS: 1.14.3
