// !$*UTF8*$!
{
	archiveVersion = 1;
	classes = {
	};
	objectVersion = 56;
	objects = {

/* Begin PBXBuildFile section */
		063E3AEDB341E890B74EBA44 /* Pods_TorchUI_TorchUIUITests.framework in Frameworks */ = {isa = PBXBuildFile; fileRef = 0C19AF3ABE563F725FAD2649 /* Pods_TorchUI_TorchUIUITests.framework */; };
		0A6AF6DD2B18DA570001EDAE /* WifiView.swift in Sources */ = {isa = PBXBuildFile; fileRef = 0A6AF6DC2B18DA570001EDAE /* WifiView.swift */; };
		0A6AF6F92B18E3A10001EDAE /* DetectorDetailOverlayRedView.swift in Sources */ = {isa = PBXBuildFile; fileRef = 0A6AF6F82B18E3A10001EDAE /* DetectorDetailOverlayRedView.swift */; };
		0E2DB57146C4AC62F707E171 /* Pods_TorchUI.framework in Frameworks */ = {isa = PBXBuildFile; fileRef = BCA61948B1D99B51DFBD2E8D /* Pods_TorchUI.framework */; };
		7264CE919C89CB52F285A91A /* amplifyconfiguration.json in Resources */ = {isa = PBXBuildFile; fileRef = DC238A696F0F1B1FB1829220 /* amplifyconfiguration.json */; };
		8B88C8FE2A70450F008B90A2 /* CodeScanner in Frameworks */ = {isa = PBXBuildFile; productRef = 8B88C8FD2A70450F008B90A2 /* CodeScanner */; };
		8BA867BF2A80869D00BEED38 /* PinCodeTextField in Frameworks */ = {isa = PBXBuildFile; productRef = 8BA867BE2A80869D00BEED38 /* PinCodeTextField */; };
		8BC224842A859A07000958AA /* ZXCodeTextField in Frameworks */ = {isa = PBXBuildFile; productRef = 8BC224832A859A07000958AA /* ZXCodeTextField */; };
		8BF7FC5A2A4D1489005D1160 /* Preview Assets.xcassets in Resources */ = {isa = PBXBuildFile; fileRef = 8BF7FC592A4D1489005D1160 /* Preview Assets.xcassets */; };
		8BF7FC642A4D1489005D1160 /* TorchUITests.swift in Sources */ = {isa = PBXBuildFile; fileRef = 8BF7FC632A4D1489005D1160 /* TorchUITests.swift */; };
		8BF7FC6E2A4D1489005D1160 /* TorchUIUITests.swift in Sources */ = {isa = PBXBuildFile; fileRef = 8BF7FC6D2A4D1489005D1160 /* TorchUIUITests.swift */; };
		8BF7FC702A4D1489005D1160 /* TorchUIUITestsLaunchTests.swift in Sources */ = {isa = PBXBuildFile; fileRef = 8BF7FC6F2A4D1489005D1160 /* TorchUIUITestsLaunchTests.swift */; };
		8BF7FC852A4D14D0005D1160 /* Manrope-Bold.ttf in Resources */ = {isa = PBXBuildFile; fileRef = 8BF7FC7E2A4D14D0005D1160 /* Manrope-Bold.ttf */; };
		8BF7FC862A4D14D0005D1160 /* Manrope-ExtraLight.ttf in Resources */ = {isa = PBXBuildFile; fileRef = 8BF7FC7F2A4D14D0005D1160 /* Manrope-ExtraLight.ttf */; };
		8BF7FC872A4D14D0005D1160 /* Manrope-Light.ttf in Resources */ = {isa = PBXBuildFile; fileRef = 8BF7FC802A4D14D0005D1160 /* Manrope-Light.ttf */; };
		8BF7FC882A4D14D0005D1160 /* Manrope-SemiBold.ttf in Resources */ = {isa = PBXBuildFile; fileRef = 8BF7FC812A4D14D0005D1160 /* Manrope-SemiBold.ttf */; };
		8BF7FC892A4D14D0005D1160 /* Manrope-Regular.ttf in Resources */ = {isa = PBXBuildFile; fileRef = 8BF7FC822A4D14D0005D1160 /* Manrope-Regular.ttf */; };
		8BF7FC8A2A4D14D0005D1160 /* Manrope-Medium.ttf in Resources */ = {isa = PBXBuildFile; fileRef = 8BF7FC832A4D14D0005D1160 /* Manrope-Medium.ttf */; };
		8BF7FC8B2A4D14D0005D1160 /* Manrope-ExtraBold.ttf in Resources */ = {isa = PBXBuildFile; fileRef = 8BF7FC842A4D14D0005D1160 /* Manrope-ExtraBold.ttf */; };
		8BFF26B62A7B27BF00FDCBD9 /* AWSCognitoAuthPlugin in Frameworks */ = {isa = PBXBuildFile; productRef = 8BFF26B52A7B27BF00FDCBD9 /* AWSCognitoAuthPlugin */; };
		C827EA4C2B146935009E6EC8 /* SocketRequest.swift in Sources */ = {isa = PBXBuildFile; fileRef = C827EA4B2B146935009E6EC8 /* SocketRequest.swift */; };
		C855B54A2B10883F007DA332 /* LoadingPropertiesView.swift in Sources */ = {isa = PBXBuildFile; fileRef = C855B4EA2B10883D007DA332 /* LoadingPropertiesView.swift */; };
		C855B54B2B10883F007DA332 /* PropertyIconView.xib in Resources */ = {isa = PBXBuildFile; fileRef = C855B4EB2B10883D007DA332 /* PropertyIconView.xib */; };
		C855B54C2B10883F007DA332 /* NoPropertiesView.swift in Sources */ = {isa = PBXBuildFile; fileRef = C855B4EC2B10883D007DA332 /* NoPropertiesView.swift */; };
		C855B54D2B10883F007DA332 /* SearchResultView.swift in Sources */ = {isa = PBXBuildFile; fileRef = C855B4ED2B10883D007DA332 /* SearchResultView.swift */; };
		C855B54E2B10883F007DA332 /* PropertyIconView.swift in Sources */ = {isa = PBXBuildFile; fileRef = C855B4EE2B10883E007DA332 /* PropertyIconView.swift */; };
		C855B54F2B10883F007DA332 /* AlertView.swift in Sources */ = {isa = PBXBuildFile; fileRef = C855B4EF2B10883E007DA332 /* AlertView.swift */; };
		C855B5502B10883F007DA332 /* PropertyView.swift in Sources */ = {isa = PBXBuildFile; fileRef = C855B4F02B10883E007DA332 /* PropertyView.swift */; };
		C855B5512B10883F007DA332 /* MainPropertiesView.swift in Sources */ = {isa = PBXBuildFile; fileRef = C855B4F12B10883E007DA332 /* MainPropertiesView.swift */; };
		C855B5522B10883F007DA332 /* PropertiesView.swift in Sources */ = {isa = PBXBuildFile; fileRef = C855B4F22B10883E007DA332 /* PropertiesView.swift */; };
		C855B5532B10883F007DA332 /* PropertyAddressView.swift in Sources */ = {isa = PBXBuildFile; fileRef = C855B4F42B10883E007DA332 /* PropertyAddressView.swift */; };
		C855B5542B10883F007DA332 /* PropertyNameView.swift in Sources */ = {isa = PBXBuildFile; fileRef = C855B4F52B10883E007DA332 /* PropertyNameView.swift */; };
		C855B5552B10883F007DA332 /* BubbleView.swift in Sources */ = {isa = PBXBuildFile; fileRef = C855B4F62B10883E007DA332 /* BubbleView.swift */; };
		C855B5562B10883F007DA332 /* PropertyPhotoView.swift in Sources */ = {isa = PBXBuildFile; fileRef = C855B4F72B10883E007DA332 /* PropertyPhotoView.swift */; };
		C855B5572B10883F007DA332 /* SensorSetupView.swift in Sources */ = {isa = PBXBuildFile; fileRef = C855B4F82B10883E007DA332 /* SensorSetupView.swift */; };
		C855B5582B10883F007DA332 /* AddPropertySheetView.swift in Sources */ = {isa = PBXBuildFile; fileRef = C855B4F92B10883E007DA332 /* AddPropertySheetView.swift */; };
		C855B5592B10883F007DA332 /* PromptInstallationView.swift in Sources */ = {isa = PBXBuildFile; fileRef = C855B4FA2B10883E007DA332 /* PromptInstallationView.swift */; };
		C855B55A2B10883F007DA332 /* HeadingView.swift in Sources */ = {isa = PBXBuildFile; fileRef = C855B4FC2B10883E007DA332 /* HeadingView.swift */; };
		C855B55B2B10883F007DA332 /* TabBarItemView.swift in Sources */ = {isa = PBXBuildFile; fileRef = C855B4FE2B10883E007DA332 /* TabBarItemView.swift */; };
		C855B55C2B10883F007DA332 /* TabBarView.swift in Sources */ = {isa = PBXBuildFile; fileRef = C855B4FF2B10883E007DA332 /* TabBarView.swift */; };
		C855B55D2B10883F007DA332 /* VisualEffectView.swift in Sources */ = {isa = PBXBuildFile; fileRef = C855B5002B10883E007DA332 /* VisualEffectView.swift */; };
		C855B55E2B10883F007DA332 /* PropertyDetailOverlayView.swift in Sources */ = {isa = PBXBuildFile; fileRef = C855B5022B10883E007DA332 /* PropertyDetailOverlayView.swift */; };
		C855B55F2B10883F007DA332 /* HalfCircleShape.swift in Sources */ = {isa = PBXBuildFile; fileRef = C855B5032B10883E007DA332 /* HalfCircleShape.swift */; };
		C855B5602B10883F007DA332 /* MainMapView.swift in Sources */ = {isa = PBXBuildFile; fileRef = C855B5042B10883E007DA332 /* MainMapView.swift */; };
		C855B5612B10883F007DA332 /* MapViewController.swift in Sources */ = {isa = PBXBuildFile; fileRef = C855B5052B10883E007DA332 /* MapViewController.swift */; };
		C855B5622B10883F007DA332 /* PlaceSensorMapViewController.swift in Sources */ = {isa = PBXBuildFile; fileRef = C855B5072B10883E007DA332 /* PlaceSensorMapViewController.swift */; };
		C855B5632B10883F007DA332 /* SensorIconView.swift in Sources */ = {isa = PBXBuildFile; fileRef = C855B5082B10883E007DA332 /* SensorIconView.swift */; };
		C855B5642B10883F007DA332 /* PlaceSensorViewControllerBridge.swift in Sources */ = {isa = PBXBuildFile; fileRef = C855B5092B10883E007DA332 /* PlaceSensorViewControllerBridge.swift */; };
		C855B5652B10883F007DA332 /* SensorSetupOverlayView.swift in Sources */ = {isa = PBXBuildFile; fileRef = C855B50A2B10883E007DA332 /* SensorSetupOverlayView.swift */; };
		C855B5662B10883F007DA332 /* SensorConfirmLocationOverlayView.swift in Sources */ = {isa = PBXBuildFile; fileRef = C855B50B2B10883E007DA332 /* SensorConfirmLocationOverlayView.swift */; };
		C855B5672B10883F007DA332 /* PlaceSensorView.swift in Sources */ = {isa = PBXBuildFile; fileRef = C855B50C2B10883E007DA332 /* PlaceSensorView.swift */; };
		C855B5682B10883F007DA332 /* BatteryView.swift in Sources */ = {isa = PBXBuildFile; fileRef = C855B50D2B10883E007DA332 /* BatteryView.swift */; };
		C855B5692B10883F007DA332 /* AddDetectorConfirmLocationOverlayView.swift in Sources */ = {isa = PBXBuildFile; fileRef = C855B50E2B10883E007DA332 /* AddDetectorConfirmLocationOverlayView.swift */; };
		C855B56A2B10883F007DA332 /* MapViewControllerBridge.swift in Sources */ = {isa = PBXBuildFile; fileRef = C855B50F2B10883E007DA332 /* MapViewControllerBridge.swift */; };
		C855B56B2B10883F007DA332 /* DetectorDetailOverlayView.swift in Sources */ = {isa = PBXBuildFile; fileRef = C855B5102B10883E007DA332 /* DetectorDetailOverlayView.swift */; };
		C855B56C2B10883F007DA332 /* MapboxMap.swift in Sources */ = {isa = PBXBuildFile; fileRef = C855B5122B10883E007DA332 /* MapboxMap.swift */; };
		C855B56D2B10883F007DA332 /* MapboxViewController.swift in Sources */ = {isa = PBXBuildFile; fileRef = C855B5132B10883E007DA332 /* MapboxViewController.swift */; };
		C855B56E2B10883F007DA332 /* MapboxMapViewWrapper.swift in Sources */ = {isa = PBXBuildFile; fileRef = C855B5142B10883E007DA332 /* MapboxMapViewWrapper.swift */; };
		C855B56F2B10883F007DA332 /* MapboxPlaceSensorViewWrapper.swift in Sources */ = {isa = PBXBuildFile; fileRef = C855B5162B10883E007DA332 /* MapboxPlaceSensorViewWrapper.swift */; };
		C855B5702B10883F007DA332 /* MapboxPlaceSensorViewController.swift in Sources */ = {isa = PBXBuildFile; fileRef = C855B5172B10883E007DA332 /* MapboxPlaceSensorViewController.swift */; };
		C855B5712B10883F007DA332 /* DetectorIconView.xib in Resources */ = {isa = PBXBuildFile; fileRef = C855B5192B10883E007DA332 /* DetectorIconView.xib */; };
		C855B5722B10883F007DA332 /* DetectorIconView.swift in Sources */ = {isa = PBXBuildFile; fileRef = C855B51A2B10883E007DA332 /* DetectorIconView.swift */; };
		C855B5732B10883F007DA332 /* AccountEmailView.swift in Sources */ = {isa = PBXBuildFile; fileRef = C855B51C2B10883E007DA332 /* AccountEmailView.swift */; };
		C855B5742B10883F007DA332 /* LoginView.swift in Sources */ = {isa = PBXBuildFile; fileRef = C855B51D2B10883E007DA332 /* LoginView.swift */; };
		C855B5752B10883F007DA332 /* AccountVerificationCodeView.swift in Sources */ = {isa = PBXBuildFile; fileRef = C855B51E2B10883E007DA332 /* AccountVerificationCodeView.swift */; };
		C855B5762B10883F007DA332 /* WelcomeView.swift in Sources */ = {isa = PBXBuildFile; fileRef = C855B51F2B10883E007DA332 /* WelcomeView.swift */; };
		C855B5772B10883F007DA332 /* AccountView.swift in Sources */ = {isa = PBXBuildFile; fileRef = C855B5202B10883E007DA332 /* AccountView.swift */; };
		C855B5782B10883F007DA332 /* AccountCompanyNameView.swift in Sources */ = {isa = PBXBuildFile; fileRef = C855B5212B10883E007DA332 /* AccountCompanyNameView.swift */; };
		C855B5792B10883F007DA332 /* AccountPasswordView.swift in Sources */ = {isa = PBXBuildFile; fileRef = C855B5222B10883E007DA332 /* AccountPasswordView.swift */; };
		C855B57A2B10883F007DA332 /* AccountNameView.swift in Sources */ = {isa = PBXBuildFile; fileRef = C855B5232B10883E007DA332 /* AccountNameView.swift */; };
		C855B57B2B10883F007DA332 /* TorchUIApp.swift in Sources */ = {isa = PBXBuildFile; fileRef = C855B5252B10883E007DA332 /* TorchUIApp.swift */; };
		C855B57C2B10883F007DA332 /* Assets.xcassets in Resources */ = {isa = PBXBuildFile; fileRef = C855B5262B10883E007DA332 /* Assets.xcassets */; };
		C855B57E2B10883F007DA332 /* AppDelegate.swift in Sources */ = {isa = PBXBuildFile; fileRef = C855B52F2B10883E007DA332 /* AppDelegate.swift */; };
		C855B57F2B10883F007DA332 /* AuthenticationManager.swift in Sources */ = {isa = PBXBuildFile; fileRef = C855B5312B10883E007DA332 /* AuthenticationManager.swift */; };
		C855B5802B10883F007DA332 /* WebSocketManager.swift in Sources */ = {isa = PBXBuildFile; fileRef = C855B5322B10883E007DA332 /* WebSocketManager.swift */; };
		C855B5812B10883F007DA332 /* SessionManager.swift in Sources */ = {isa = PBXBuildFile; fileRef = C855B5332B10883E007DA332 /* SessionManager.swift */; };
		C855B5822B10883F007DA332 /* UIApplication+Extension.swift in Sources */ = {isa = PBXBuildFile; fileRef = C855B5352B10883E007DA332 /* UIApplication+Extension.swift */; };
		C855B5832B10883F007DA332 /* UIImage+Extension.swift in Sources */ = {isa = PBXBuildFile; fileRef = C855B5362B10883E007DA332 /* UIImage+Extension.swift */; };
		C855B5842B10883F007DA332 /* String+Extension.swift in Sources */ = {isa = PBXBuildFile; fileRef = C855B5372B10883E007DA332 /* String+Extension.swift */; };
		C855B5852B10883F007DA332 /* Color+Extension.swift in Sources */ = {isa = PBXBuildFile; fileRef = C855B5382B10883E007DA332 /* Color+Extension.swift */; };
		C855B5862B10883F007DA332 /* View+Extension.swift in Sources */ = {isa = PBXBuildFile; fileRef = C855B5392B10883E007DA332 /* View+Extension.swift */; };
		C855B5872B10883F007DA332 /* City.swift in Sources */ = {isa = PBXBuildFile; fileRef = C855B53B2B10883E007DA332 /* City.swift */; };
		C855B5882B10883F007DA332 /* DataItem.swift in Sources */ = {isa = PBXBuildFile; fileRef = C855B53C2B10883E007DA332 /* DataItem.swift */; };
		C855B5892B10883F007DA332 /* PropertyAddressViewModel.swift in Sources */ = {isa = PBXBuildFile; fileRef = C855B53D2B10883E007DA332 /* PropertyAddressViewModel.swift */; };
		C855B58A2B10883F007DA332 /* DetectorModel.swift in Sources */ = {isa = PBXBuildFile; fileRef = C855B53E2B10883E007DA332 /* DetectorModel.swift */; };
		C855B58B2B10883F007DA332 /* AlertModel.swift in Sources */ = {isa = PBXBuildFile; fileRef = C855B53F2B10883E007DA332 /* AlertModel.swift */; };
		C855B58C2B10883F007DA332 /* PropertyViewModel.swift in Sources */ = {isa = PBXBuildFile; fileRef = C855B5402B10883E007DA332 /* PropertyViewModel.swift */; };
		C855B58D2B10883F007DA332 /* PropertyModel.swift in Sources */ = {isa = PBXBuildFile; fileRef = C855B5412B10883E007DA332 /* PropertyModel.swift */; };
		C855B58E2B10883F007DA332 /* ViewSize.swift in Sources */ = {isa = PBXBuildFile; fileRef = C855B5422B10883E007DA332 /* ViewSize.swift */; };
		C855B58F2B10883F007DA332 /* PropertyPhotoViewModel.swift in Sources */ = {isa = PBXBuildFile; fileRef = C855B5432B10883E007DA332 /* PropertyPhotoViewModel.swift */; };
		C855B5902B10883F007DA332 /* LaunchScreenStoryboard.storyboard in Resources */ = {isa = PBXBuildFile; fileRef = C855B5452B10883E007DA332 /* LaunchScreenStoryboard.storyboard */; };
		C855B5912B10883F007DA332 /* Enums.swift in Sources */ = {isa = PBXBuildFile; fileRef = C855B5472B10883F007DA332 /* Enums.swift */; };
		C855B5922B10883F007DA332 /* CustomButton.swift in Sources */ = {isa = PBXBuildFile; fileRef = C855B5482B10883F007DA332 /* CustomButton.swift */; };
		C855B5932B10883F007DA332 /* CustomColors.swift in Sources */ = {isa = PBXBuildFile; fileRef = C855B5492B10883F007DA332 /* CustomColors.swift */; };
		C855B5952B11100A007DA332 /* Strings.swift in Sources */ = {isa = PBXBuildFile; fileRef = C855B5942B11100A007DA332 /* Strings.swift */; };
		C90ACD43E25E1D462AC68CC1 /* Pods_TorchUITests.framework in Frameworks */ = {isa = PBXBuildFile; fileRef = DE4A1525F6FC18D092DF0909 /* Pods_TorchUITests.framework */; };
		FADFD6D29C0D959575FAAFCB /* awsconfiguration.json in Resources */ = {isa = PBXBuildFile; fileRef = CE715C78ED08B54E16060133 /* awsconfiguration.json */; };
/* End PBXBuildFile section */

/* Begin PBXContainerItemProxy section */
		8BF7FC602A4D1489005D1160 /* PBXContainerItemProxy */ = {
			isa = PBXContainerItemProxy;
			containerPortal = 8BF7FC472A4D1488005D1160 /* Project object */;
			proxyType = 1;
			remoteGlobalIDString = 8BF7FC4E2A4D1488005D1160;
			remoteInfo = TorchUI;
		};
		8BF7FC6A2A4D1489005D1160 /* PBXContainerItemProxy */ = {
			isa = PBXContainerItemProxy;
			containerPortal = 8BF7FC472A4D1488005D1160 /* Project object */;
			proxyType = 1;
			remoteGlobalIDString = 8BF7FC4E2A4D1488005D1160;
			remoteInfo = TorchUI;
		};
/* End PBXContainerItemProxy section */

/* Begin PBXFileReference section */
		06A5BCCAF1B34B0A151F0B7E /* Pods-TorchUI.release.xcconfig */ = {isa = PBXFileReference; includeInIndex = 1; lastKnownFileType = text.xcconfig; name = "Pods-TorchUI.release.xcconfig"; path = "Target Support Files/Pods-TorchUI/Pods-TorchUI.release.xcconfig"; sourceTree = "<group>"; };
		09926F4222A147A0A0724977 /* Pods-TorchUI.debug.xcconfig */ = {isa = PBXFileReference; includeInIndex = 1; lastKnownFileType = text.xcconfig; name = "Pods-TorchUI.debug.xcconfig"; path = "Target Support Files/Pods-TorchUI/Pods-TorchUI.debug.xcconfig"; sourceTree = "<group>"; };
		0A6AF6DC2B18DA570001EDAE /* WifiView.swift */ = {isa = PBXFileReference; lastKnownFileType = sourcecode.swift; path = WifiView.swift; sourceTree = "<group>"; };
		0A6AF6F82B18E3A10001EDAE /* DetectorDetailOverlayRedView.swift */ = {isa = PBXFileReference; lastKnownFileType = sourcecode.swift; path = DetectorDetailOverlayRedView.swift; sourceTree = "<group>"; };
		0C19AF3ABE563F725FAD2649 /* Pods_TorchUI_TorchUIUITests.framework */ = {isa = PBXFileReference; explicitFileType = wrapper.framework; includeInIndex = 0; path = Pods_TorchUI_TorchUIUITests.framework; sourceTree = BUILT_PRODUCTS_DIR; };
		3543DCA965350F51F6C6E4E1 /* Pods-TorchUI-TorchUIUITests.debug.xcconfig */ = {isa = PBXFileReference; includeInIndex = 1; lastKnownFileType = text.xcconfig; name = "Pods-TorchUI-TorchUIUITests.debug.xcconfig"; path = "Target Support Files/Pods-TorchUI-TorchUIUITests/Pods-TorchUI-TorchUIUITests.debug.xcconfig"; sourceTree = "<group>"; };
		5F678EE1FE285173C6694EAF /* Pods-TorchUITests.release.xcconfig */ = {isa = PBXFileReference; includeInIndex = 1; lastKnownFileType = text.xcconfig; name = "Pods-TorchUITests.release.xcconfig"; path = "Target Support Files/Pods-TorchUITests/Pods-TorchUITests.release.xcconfig"; sourceTree = "<group>"; };
		8B4A07AE2AE1FB81005731F6 /* ZXCodeTextfield */ = {isa = PBXFileReference; lastKnownFileType = text; path = ZXCodeTextfield; sourceTree = SOURCE_ROOT; };
		8BF7FC4F2A4D1488005D1160 /* TorchUI.app */ = {isa = PBXFileReference; explicitFileType = wrapper.application; includeInIndex = 0; path = TorchUI.app; sourceTree = BUILT_PRODUCTS_DIR; };
		8BF7FC592A4D1489005D1160 /* Preview Assets.xcassets */ = {isa = PBXFileReference; lastKnownFileType = folder.assetcatalog; path = "Preview Assets.xcassets"; sourceTree = "<group>"; };
		8BF7FC5F2A4D1489005D1160 /* TorchUITests.xctest */ = {isa = PBXFileReference; explicitFileType = wrapper.cfbundle; includeInIndex = 0; path = TorchUITests.xctest; sourceTree = BUILT_PRODUCTS_DIR; };
		8BF7FC632A4D1489005D1160 /* TorchUITests.swift */ = {isa = PBXFileReference; lastKnownFileType = sourcecode.swift; path = TorchUITests.swift; sourceTree = "<group>"; };
		8BF7FC692A4D1489005D1160 /* TorchUIUITests.xctest */ = {isa = PBXFileReference; explicitFileType = wrapper.cfbundle; includeInIndex = 0; path = TorchUIUITests.xctest; sourceTree = BUILT_PRODUCTS_DIR; };
		8BF7FC6D2A4D1489005D1160 /* TorchUIUITests.swift */ = {isa = PBXFileReference; lastKnownFileType = sourcecode.swift; path = TorchUIUITests.swift; sourceTree = "<group>"; };
		8BF7FC6F2A4D1489005D1160 /* TorchUIUITestsLaunchTests.swift */ = {isa = PBXFileReference; lastKnownFileType = sourcecode.swift; path = TorchUIUITestsLaunchTests.swift; sourceTree = "<group>"; };
		8BF7FC7C2A4D14AF005D1160 /* Info.plist */ = {isa = PBXFileReference; lastKnownFileType = text.plist; path = Info.plist; sourceTree = "<group>"; };
		8BF7FC7E2A4D14D0005D1160 /* Manrope-Bold.ttf */ = {isa = PBXFileReference; lastKnownFileType = file; path = "Manrope-Bold.ttf"; sourceTree = "<group>"; };
		8BF7FC7F2A4D14D0005D1160 /* Manrope-ExtraLight.ttf */ = {isa = PBXFileReference; lastKnownFileType = file; path = "Manrope-ExtraLight.ttf"; sourceTree = "<group>"; };
		8BF7FC802A4D14D0005D1160 /* Manrope-Light.ttf */ = {isa = PBXFileReference; lastKnownFileType = file; path = "Manrope-Light.ttf"; sourceTree = "<group>"; };
		8BF7FC812A4D14D0005D1160 /* Manrope-SemiBold.ttf */ = {isa = PBXFileReference; lastKnownFileType = file; path = "Manrope-SemiBold.ttf"; sourceTree = "<group>"; };
		8BF7FC822A4D14D0005D1160 /* Manrope-Regular.ttf */ = {isa = PBXFileReference; lastKnownFileType = file; path = "Manrope-Regular.ttf"; sourceTree = "<group>"; };
		8BF7FC832A4D14D0005D1160 /* Manrope-Medium.ttf */ = {isa = PBXFileReference; lastKnownFileType = file; path = "Manrope-Medium.ttf"; sourceTree = "<group>"; };
		8BF7FC842A4D14D0005D1160 /* Manrope-ExtraBold.ttf */ = {isa = PBXFileReference; lastKnownFileType = file; path = "Manrope-ExtraBold.ttf"; sourceTree = "<group>"; };
		8F706F06206D41120E6CC971 /* Pods-TorchUI-TorchUIUITests.release.xcconfig */ = {isa = PBXFileReference; includeInIndex = 1; lastKnownFileType = text.xcconfig; name = "Pods-TorchUI-TorchUIUITests.release.xcconfig"; path = "Target Support Files/Pods-TorchUI-TorchUIUITests/Pods-TorchUI-TorchUIUITests.release.xcconfig"; sourceTree = "<group>"; };
		BCA61948B1D99B51DFBD2E8D /* Pods_TorchUI.framework */ = {isa = PBXFileReference; explicitFileType = wrapper.framework; includeInIndex = 0; path = Pods_TorchUI.framework; sourceTree = BUILT_PRODUCTS_DIR; };
		BFBD6483B88502D280F216F2 /* Pods-TorchUITests.debug.xcconfig */ = {isa = PBXFileReference; includeInIndex = 1; lastKnownFileType = text.xcconfig; name = "Pods-TorchUITests.debug.xcconfig"; path = "Target Support Files/Pods-TorchUITests/Pods-TorchUITests.debug.xcconfig"; sourceTree = "<group>"; };
		C827EA4B2B146935009E6EC8 /* SocketRequest.swift */ = {isa = PBXFileReference; lastKnownFileType = sourcecode.swift; path = SocketRequest.swift; sourceTree = "<group>"; };
		C855B4EA2B10883D007DA332 /* LoadingPropertiesView.swift */ = {isa = PBXFileReference; fileEncoding = 4; lastKnownFileType = sourcecode.swift; path = LoadingPropertiesView.swift; sourceTree = "<group>"; };
		C855B4EB2B10883D007DA332 /* PropertyIconView.xib */ = {isa = PBXFileReference; fileEncoding = 4; lastKnownFileType = file.xib; path = PropertyIconView.xib; sourceTree = "<group>"; };
		C855B4EC2B10883D007DA332 /* NoPropertiesView.swift */ = {isa = PBXFileReference; fileEncoding = 4; lastKnownFileType = sourcecode.swift; path = NoPropertiesView.swift; sourceTree = "<group>"; };
		C855B4ED2B10883D007DA332 /* SearchResultView.swift */ = {isa = PBXFileReference; fileEncoding = 4; lastKnownFileType = sourcecode.swift; path = SearchResultView.swift; sourceTree = "<group>"; };
		C855B4EE2B10883E007DA332 /* PropertyIconView.swift */ = {isa = PBXFileReference; fileEncoding = 4; lastKnownFileType = sourcecode.swift; path = PropertyIconView.swift; sourceTree = "<group>"; };
		C855B4EF2B10883E007DA332 /* AlertView.swift */ = {isa = PBXFileReference; fileEncoding = 4; lastKnownFileType = sourcecode.swift; path = AlertView.swift; sourceTree = "<group>"; };
		C855B4F02B10883E007DA332 /* PropertyView.swift */ = {isa = PBXFileReference; fileEncoding = 4; lastKnownFileType = sourcecode.swift; path = PropertyView.swift; sourceTree = "<group>"; };
		C855B4F12B10883E007DA332 /* MainPropertiesView.swift */ = {isa = PBXFileReference; fileEncoding = 4; lastKnownFileType = sourcecode.swift; path = MainPropertiesView.swift; sourceTree = "<group>"; };
		C855B4F22B10883E007DA332 /* PropertiesView.swift */ = {isa = PBXFileReference; fileEncoding = 4; lastKnownFileType = sourcecode.swift; path = PropertiesView.swift; sourceTree = "<group>"; };
		C855B4F42B10883E007DA332 /* PropertyAddressView.swift */ = {isa = PBXFileReference; fileEncoding = 4; lastKnownFileType = sourcecode.swift; path = PropertyAddressView.swift; sourceTree = "<group>"; };
		C855B4F52B10883E007DA332 /* PropertyNameView.swift */ = {isa = PBXFileReference; fileEncoding = 4; lastKnownFileType = sourcecode.swift; path = PropertyNameView.swift; sourceTree = "<group>"; };
		C855B4F62B10883E007DA332 /* BubbleView.swift */ = {isa = PBXFileReference; fileEncoding = 4; lastKnownFileType = sourcecode.swift; path = BubbleView.swift; sourceTree = "<group>"; };
		C855B4F72B10883E007DA332 /* PropertyPhotoView.swift */ = {isa = PBXFileReference; fileEncoding = 4; lastKnownFileType = sourcecode.swift; path = PropertyPhotoView.swift; sourceTree = "<group>"; };
		C855B4F82B10883E007DA332 /* SensorSetupView.swift */ = {isa = PBXFileReference; fileEncoding = 4; lastKnownFileType = sourcecode.swift; path = SensorSetupView.swift; sourceTree = "<group>"; };
		C855B4F92B10883E007DA332 /* AddPropertySheetView.swift */ = {isa = PBXFileReference; fileEncoding = 4; lastKnownFileType = sourcecode.swift; path = AddPropertySheetView.swift; sourceTree = "<group>"; };
		C855B4FA2B10883E007DA332 /* PromptInstallationView.swift */ = {isa = PBXFileReference; fileEncoding = 4; lastKnownFileType = sourcecode.swift; path = PromptInstallationView.swift; sourceTree = "<group>"; };
		C855B4FC2B10883E007DA332 /* HeadingView.swift */ = {isa = PBXFileReference; fileEncoding = 4; lastKnownFileType = sourcecode.swift; path = HeadingView.swift; sourceTree = "<group>"; };
		C855B4FE2B10883E007DA332 /* TabBarItemView.swift */ = {isa = PBXFileReference; fileEncoding = 4; lastKnownFileType = sourcecode.swift; path = TabBarItemView.swift; sourceTree = "<group>"; };
		C855B4FF2B10883E007DA332 /* TabBarView.swift */ = {isa = PBXFileReference; fileEncoding = 4; lastKnownFileType = sourcecode.swift; path = TabBarView.swift; sourceTree = "<group>"; };
		C855B5002B10883E007DA332 /* VisualEffectView.swift */ = {isa = PBXFileReference; fileEncoding = 4; lastKnownFileType = sourcecode.swift; path = VisualEffectView.swift; sourceTree = "<group>"; };
		C855B5022B10883E007DA332 /* PropertyDetailOverlayView.swift */ = {isa = PBXFileReference; fileEncoding = 4; lastKnownFileType = sourcecode.swift; path = PropertyDetailOverlayView.swift; sourceTree = "<group>"; };
		C855B5032B10883E007DA332 /* HalfCircleShape.swift */ = {isa = PBXFileReference; fileEncoding = 4; lastKnownFileType = sourcecode.swift; path = HalfCircleShape.swift; sourceTree = "<group>"; };
		C855B5042B10883E007DA332 /* MainMapView.swift */ = {isa = PBXFileReference; fileEncoding = 4; lastKnownFileType = sourcecode.swift; path = MainMapView.swift; sourceTree = "<group>"; };
		C855B5052B10883E007DA332 /* MapViewController.swift */ = {isa = PBXFileReference; fileEncoding = 4; lastKnownFileType = sourcecode.swift; path = MapViewController.swift; sourceTree = "<group>"; };
		C855B5072B10883E007DA332 /* PlaceSensorMapViewController.swift */ = {isa = PBXFileReference; fileEncoding = 4; lastKnownFileType = sourcecode.swift; path = PlaceSensorMapViewController.swift; sourceTree = "<group>"; };
		C855B5082B10883E007DA332 /* SensorIconView.swift */ = {isa = PBXFileReference; fileEncoding = 4; lastKnownFileType = sourcecode.swift; path = SensorIconView.swift; sourceTree = "<group>"; };
		C855B5092B10883E007DA332 /* PlaceSensorViewControllerBridge.swift */ = {isa = PBXFileReference; fileEncoding = 4; lastKnownFileType = sourcecode.swift; path = PlaceSensorViewControllerBridge.swift; sourceTree = "<group>"; };
		C855B50A2B10883E007DA332 /* SensorSetupOverlayView.swift */ = {isa = PBXFileReference; fileEncoding = 4; lastKnownFileType = sourcecode.swift; path = SensorSetupOverlayView.swift; sourceTree = "<group>"; };
		C855B50B2B10883E007DA332 /* SensorConfirmLocationOverlayView.swift */ = {isa = PBXFileReference; fileEncoding = 4; lastKnownFileType = sourcecode.swift; path = SensorConfirmLocationOverlayView.swift; sourceTree = "<group>"; };
		C855B50C2B10883E007DA332 /* PlaceSensorView.swift */ = {isa = PBXFileReference; fileEncoding = 4; lastKnownFileType = sourcecode.swift; path = PlaceSensorView.swift; sourceTree = "<group>"; };
		C855B50D2B10883E007DA332 /* BatteryView.swift */ = {isa = PBXFileReference; fileEncoding = 4; lastKnownFileType = sourcecode.swift; path = BatteryView.swift; sourceTree = "<group>"; };
		C855B50E2B10883E007DA332 /* AddDetectorConfirmLocationOverlayView.swift */ = {isa = PBXFileReference; fileEncoding = 4; lastKnownFileType = sourcecode.swift; path = AddDetectorConfirmLocationOverlayView.swift; sourceTree = "<group>"; };
		C855B50F2B10883E007DA332 /* MapViewControllerBridge.swift */ = {isa = PBXFileReference; fileEncoding = 4; lastKnownFileType = sourcecode.swift; path = MapViewControllerBridge.swift; sourceTree = "<group>"; };
		C855B5102B10883E007DA332 /* DetectorDetailOverlayView.swift */ = {isa = PBXFileReference; fileEncoding = 4; lastKnownFileType = sourcecode.swift; path = DetectorDetailOverlayView.swift; sourceTree = "<group>"; };
		C855B5122B10883E007DA332 /* MapboxMap.swift */ = {isa = PBXFileReference; fileEncoding = 4; lastKnownFileType = sourcecode.swift; path = MapboxMap.swift; sourceTree = "<group>"; };
		C855B5132B10883E007DA332 /* MapboxViewController.swift */ = {isa = PBXFileReference; fileEncoding = 4; lastKnownFileType = sourcecode.swift; path = MapboxViewController.swift; sourceTree = "<group>"; };
		C855B5142B10883E007DA332 /* MapboxMapViewWrapper.swift */ = {isa = PBXFileReference; fileEncoding = 4; lastKnownFileType = sourcecode.swift; path = MapboxMapViewWrapper.swift; sourceTree = "<group>"; };
		C855B5162B10883E007DA332 /* MapboxPlaceSensorViewWrapper.swift */ = {isa = PBXFileReference; fileEncoding = 4; lastKnownFileType = sourcecode.swift; path = MapboxPlaceSensorViewWrapper.swift; sourceTree = "<group>"; };
		C855B5172B10883E007DA332 /* MapboxPlaceSensorViewController.swift */ = {isa = PBXFileReference; fileEncoding = 4; lastKnownFileType = sourcecode.swift; path = MapboxPlaceSensorViewController.swift; sourceTree = "<group>"; };
		C855B5192B10883E007DA332 /* DetectorIconView.xib */ = {isa = PBXFileReference; fileEncoding = 4; lastKnownFileType = file.xib; path = DetectorIconView.xib; sourceTree = "<group>"; };
		C855B51A2B10883E007DA332 /* DetectorIconView.swift */ = {isa = PBXFileReference; fileEncoding = 4; lastKnownFileType = sourcecode.swift; path = DetectorIconView.swift; sourceTree = "<group>"; };
		C855B51C2B10883E007DA332 /* AccountEmailView.swift */ = {isa = PBXFileReference; fileEncoding = 4; lastKnownFileType = sourcecode.swift; path = AccountEmailView.swift; sourceTree = "<group>"; };
		C855B51D2B10883E007DA332 /* LoginView.swift */ = {isa = PBXFileReference; fileEncoding = 4; lastKnownFileType = sourcecode.swift; path = LoginView.swift; sourceTree = "<group>"; };
		C855B51E2B10883E007DA332 /* AccountVerificationCodeView.swift */ = {isa = PBXFileReference; fileEncoding = 4; lastKnownFileType = sourcecode.swift; path = AccountVerificationCodeView.swift; sourceTree = "<group>"; };
		C855B51F2B10883E007DA332 /* WelcomeView.swift */ = {isa = PBXFileReference; fileEncoding = 4; lastKnownFileType = sourcecode.swift; path = WelcomeView.swift; sourceTree = "<group>"; };
		C855B5202B10883E007DA332 /* AccountView.swift */ = {isa = PBXFileReference; fileEncoding = 4; lastKnownFileType = sourcecode.swift; path = AccountView.swift; sourceTree = "<group>"; };
		C855B5212B10883E007DA332 /* AccountCompanyNameView.swift */ = {isa = PBXFileReference; fileEncoding = 4; lastKnownFileType = sourcecode.swift; path = AccountCompanyNameView.swift; sourceTree = "<group>"; };
		C855B5222B10883E007DA332 /* AccountPasswordView.swift */ = {isa = PBXFileReference; fileEncoding = 4; lastKnownFileType = sourcecode.swift; path = AccountPasswordView.swift; sourceTree = "<group>"; };
		C855B5232B10883E007DA332 /* AccountNameView.swift */ = {isa = PBXFileReference; fileEncoding = 4; lastKnownFileType = sourcecode.swift; path = AccountNameView.swift; sourceTree = "<group>"; };
		C855B5252B10883E007DA332 /* TorchUIApp.swift */ = {isa = PBXFileReference; fileEncoding = 4; lastKnownFileType = sourcecode.swift; path = TorchUIApp.swift; sourceTree = "<group>"; };
		C855B5262B10883E007DA332 /* Assets.xcassets */ = {isa = PBXFileReference; lastKnownFileType = folder.assetcatalog; path = Assets.xcassets; sourceTree = "<group>"; };
		C855B52F2B10883E007DA332 /* AppDelegate.swift */ = {isa = PBXFileReference; fileEncoding = 4; lastKnownFileType = sourcecode.swift; path = AppDelegate.swift; sourceTree = "<group>"; };
		C855B5312B10883E007DA332 /* AuthenticationManager.swift */ = {isa = PBXFileReference; fileEncoding = 4; lastKnownFileType = sourcecode.swift; path = AuthenticationManager.swift; sourceTree = "<group>"; };
		C855B5322B10883E007DA332 /* WebSocketManager.swift */ = {isa = PBXFileReference; fileEncoding = 4; lastKnownFileType = sourcecode.swift; path = WebSocketManager.swift; sourceTree = "<group>"; };
		C855B5332B10883E007DA332 /* SessionManager.swift */ = {isa = PBXFileReference; fileEncoding = 4; lastKnownFileType = sourcecode.swift; path = SessionManager.swift; sourceTree = "<group>"; };
		C855B5352B10883E007DA332 /* UIApplication+Extension.swift */ = {isa = PBXFileReference; fileEncoding = 4; lastKnownFileType = sourcecode.swift; path = "UIApplication+Extension.swift"; sourceTree = "<group>"; };
		C855B5362B10883E007DA332 /* UIImage+Extension.swift */ = {isa = PBXFileReference; fileEncoding = 4; lastKnownFileType = sourcecode.swift; path = "UIImage+Extension.swift"; sourceTree = "<group>"; };
		C855B5372B10883E007DA332 /* String+Extension.swift */ = {isa = PBXFileReference; fileEncoding = 4; lastKnownFileType = sourcecode.swift; path = "String+Extension.swift"; sourceTree = "<group>"; };
		C855B5382B10883E007DA332 /* Color+Extension.swift */ = {isa = PBXFileReference; fileEncoding = 4; lastKnownFileType = sourcecode.swift; path = "Color+Extension.swift"; sourceTree = "<group>"; };
		C855B5392B10883E007DA332 /* View+Extension.swift */ = {isa = PBXFileReference; fileEncoding = 4; lastKnownFileType = sourcecode.swift; path = "View+Extension.swift"; sourceTree = "<group>"; };
		C855B53B2B10883E007DA332 /* City.swift */ = {isa = PBXFileReference; fileEncoding = 4; lastKnownFileType = sourcecode.swift; path = City.swift; sourceTree = "<group>"; };
		C855B53C2B10883E007DA332 /* DataItem.swift */ = {isa = PBXFileReference; fileEncoding = 4; lastKnownFileType = sourcecode.swift; path = DataItem.swift; sourceTree = "<group>"; };
		C855B53D2B10883E007DA332 /* PropertyAddressViewModel.swift */ = {isa = PBXFileReference; fileEncoding = 4; lastKnownFileType = sourcecode.swift; path = PropertyAddressViewModel.swift; sourceTree = "<group>"; };
		C855B53E2B10883E007DA332 /* DetectorModel.swift */ = {isa = PBXFileReference; fileEncoding = 4; lastKnownFileType = sourcecode.swift; path = DetectorModel.swift; sourceTree = "<group>"; };
		C855B53F2B10883E007DA332 /* AlertModel.swift */ = {isa = PBXFileReference; fileEncoding = 4; lastKnownFileType = sourcecode.swift; path = AlertModel.swift; sourceTree = "<group>"; };
		C855B5402B10883E007DA332 /* PropertyViewModel.swift */ = {isa = PBXFileReference; fileEncoding = 4; lastKnownFileType = sourcecode.swift; path = PropertyViewModel.swift; sourceTree = "<group>"; };
		C855B5412B10883E007DA332 /* PropertyModel.swift */ = {isa = PBXFileReference; fileEncoding = 4; lastKnownFileType = sourcecode.swift; path = PropertyModel.swift; sourceTree = "<group>"; };
		C855B5422B10883E007DA332 /* ViewSize.swift */ = {isa = PBXFileReference; fileEncoding = 4; lastKnownFileType = sourcecode.swift; path = ViewSize.swift; sourceTree = "<group>"; };
		C855B5432B10883E007DA332 /* PropertyPhotoViewModel.swift */ = {isa = PBXFileReference; fileEncoding = 4; lastKnownFileType = sourcecode.swift; path = PropertyPhotoViewModel.swift; sourceTree = "<group>"; };
		C855B5452B10883E007DA332 /* LaunchScreenStoryboard.storyboard */ = {isa = PBXFileReference; fileEncoding = 4; lastKnownFileType = file.storyboard; path = LaunchScreenStoryboard.storyboard; sourceTree = "<group>"; };
		C855B5472B10883F007DA332 /* Enums.swift */ = {isa = PBXFileReference; fileEncoding = 4; lastKnownFileType = sourcecode.swift; path = Enums.swift; sourceTree = "<group>"; };
		C855B5482B10883F007DA332 /* CustomButton.swift */ = {isa = PBXFileReference; fileEncoding = 4; lastKnownFileType = sourcecode.swift; path = CustomButton.swift; sourceTree = "<group>"; };
		C855B5492B10883F007DA332 /* CustomColors.swift */ = {isa = PBXFileReference; fileEncoding = 4; lastKnownFileType = sourcecode.swift; path = CustomColors.swift; sourceTree = "<group>"; };
		C855B5942B11100A007DA332 /* Strings.swift */ = {isa = PBXFileReference; lastKnownFileType = sourcecode.swift; path = Strings.swift; sourceTree = "<group>"; };
		CE715C78ED08B54E16060133 /* awsconfiguration.json */ = {isa = PBXFileReference; explicitFileType = text.json; path = awsconfiguration.json; sourceTree = "<group>"; };
		DC238A696F0F1B1FB1829220 /* amplifyconfiguration.json */ = {isa = PBXFileReference; explicitFileType = text.json; path = amplifyconfiguration.json; sourceTree = "<group>"; };
		DE4A1525F6FC18D092DF0909 /* Pods_TorchUITests.framework */ = {isa = PBXFileReference; explicitFileType = wrapper.framework; includeInIndex = 0; path = Pods_TorchUITests.framework; sourceTree = BUILT_PRODUCTS_DIR; };
/* End PBXFileReference section */

/* Begin PBXFrameworksBuildPhase section */
		8BF7FC4C2A4D1488005D1160 /* Frameworks */ = {
			isa = PBXFrameworksBuildPhase;
			buildActionMask = 2147483647;
			files = (
				8B88C8FE2A70450F008B90A2 /* CodeScanner in Frameworks */,
				0E2DB57146C4AC62F707E171 /* Pods_TorchUI.framework in Frameworks */,
				8BFF26B62A7B27BF00FDCBD9 /* AWSCognitoAuthPlugin in Frameworks */,
				8BC224842A859A07000958AA /* ZXCodeTextField in Frameworks */,
				8BA867BF2A80869D00BEED38 /* PinCodeTextField in Frameworks */,
			);
			runOnlyForDeploymentPostprocessing = 0;
		};
		8BF7FC5C2A4D1489005D1160 /* Frameworks */ = {
			isa = PBXFrameworksBuildPhase;
			buildActionMask = 2147483647;
			files = (
				C90ACD43E25E1D462AC68CC1 /* Pods_TorchUITests.framework in Frameworks */,
			);
			runOnlyForDeploymentPostprocessing = 0;
		};
		8BF7FC662A4D1489005D1160 /* Frameworks */ = {
			isa = PBXFrameworksBuildPhase;
			buildActionMask = 2147483647;
			files = (
				063E3AEDB341E890B74EBA44 /* Pods_TorchUI_TorchUIUITests.framework in Frameworks */,
			);
			runOnlyForDeploymentPostprocessing = 0;
		};
/* End PBXFrameworksBuildPhase section */

/* Begin PBXGroup section */
		6366AC1F6C9E6BCB8261CB46 /* Frameworks */ = {
			isa = PBXGroup;
			children = (
				BCA61948B1D99B51DFBD2E8D /* Pods_TorchUI.framework */,
				0C19AF3ABE563F725FAD2649 /* Pods_TorchUI_TorchUIUITests.framework */,
				DE4A1525F6FC18D092DF0909 /* Pods_TorchUITests.framework */,
			);
			name = Frameworks;
			sourceTree = "<group>";
		};
		8BF7FC462A4D1488005D1160 = {
			isa = PBXGroup;
			children = (
				8BF7FC512A4D1488005D1160 /* TorchUI */,
				8BF7FC622A4D1489005D1160 /* TorchUITests */,
				8BF7FC6C2A4D1489005D1160 /* TorchUIUITests */,
				8BF7FC502A4D1488005D1160 /* Products */,
				CF081936F4D134B31F7A7C3F /* Pods */,
				6366AC1F6C9E6BCB8261CB46 /* Frameworks */,
				A9CB98324B1AAF2DCBCD81BB /* AmplifyConfig */,
			);
			sourceTree = "<group>";
		};
		8BF7FC502A4D1488005D1160 /* Products */ = {
			isa = PBXGroup;
			children = (
				8BF7FC4F2A4D1488005D1160 /* TorchUI.app */,
				8BF7FC5F2A4D1489005D1160 /* TorchUITests.xctest */,
				8BF7FC692A4D1489005D1160 /* TorchUIUITests.xctest */,
			);
			name = Products;
			sourceTree = "<group>";
		};
		8BF7FC512A4D1488005D1160 /* TorchUI */ = {
			isa = PBXGroup;
			children = (
				C855B5462B10883F007DA332 /* CustomControllers */,
				C855B52E2B10883E007DA332 /* Delegate */,
				C855B5342B10883E007DA332 /* Extensions */,
				C855B5302B10883E007DA332 /* Managers */,
				C855B53A2B10883E007DA332 /* Models */,
				C855B5242B10883E007DA332 /* Resources */,
				C855B5442B10883E007DA332 /* Storyboards */,
				C855B4E82B10883D007DA332 /* View+Controllers */,
				8BF7FC7D2A4D14C2005D1160 /* Fonts */,
				8BF7FC582A4D1489005D1160 /* Preview Content */,
				8BF7FC7C2A4D14AF005D1160 /* Info.plist */,
			);
			path = TorchUI;
			sourceTree = "<group>";
		};
		8BF7FC582A4D1489005D1160 /* Preview Content */ = {
			isa = PBXGroup;
			children = (
				8BF7FC592A4D1489005D1160 /* Preview Assets.xcassets */,
			);
			path = "Preview Content";
			sourceTree = "<group>";
		};
		8BF7FC622A4D1489005D1160 /* TorchUITests */ = {
			isa = PBXGroup;
			children = (
				8BF7FC632A4D1489005D1160 /* TorchUITests.swift */,
			);
			path = TorchUITests;
			sourceTree = "<group>";
		};
		8BF7FC6C2A4D1489005D1160 /* TorchUIUITests */ = {
			isa = PBXGroup;
			children = (
				8BF7FC6D2A4D1489005D1160 /* TorchUIUITests.swift */,
				8BF7FC6F2A4D1489005D1160 /* TorchUIUITestsLaunchTests.swift */,
			);
			path = TorchUIUITests;
			sourceTree = "<group>";
		};
		8BF7FC7D2A4D14C2005D1160 /* Fonts */ = {
			isa = PBXGroup;
			children = (
				8BF7FC7E2A4D14D0005D1160 /* Manrope-Bold.ttf */,
				8BF7FC842A4D14D0005D1160 /* Manrope-ExtraBold.ttf */,
				8BF7FC7F2A4D14D0005D1160 /* Manrope-ExtraLight.ttf */,
				8BF7FC802A4D14D0005D1160 /* Manrope-Light.ttf */,
				8BF7FC832A4D14D0005D1160 /* Manrope-Medium.ttf */,
				8BF7FC822A4D14D0005D1160 /* Manrope-Regular.ttf */,
				8BF7FC812A4D14D0005D1160 /* Manrope-SemiBold.ttf */,
			);
			path = Fonts;
			sourceTree = "<group>";
		};
		A9CB98324B1AAF2DCBCD81BB /* AmplifyConfig */ = {
			isa = PBXGroup;
			children = (
				CE715C78ED08B54E16060133 /* awsconfiguration.json */,
				DC238A696F0F1B1FB1829220 /* amplifyconfiguration.json */,
			);
			name = AmplifyConfig;
			sourceTree = "<group>";
		};
		C855B4E82B10883D007DA332 /* View+Controllers */ = {
			isa = PBXGroup;
			children = (
				C855B4E92B10883D007DA332 /* Property */,
				C855B4FB2B10883E007DA332 /* Heading */,
				C855B4FD2B10883E007DA332 /* TabBar */,
				C855B5012B10883E007DA332 /* Map */,
				C855B5182B10883E007DA332 /* Detector */,
				C855B51B2B10883E007DA332 /* Account */,
			);
			path = "View+Controllers";
			sourceTree = "<group>";
		};
		C855B4E92B10883D007DA332 /* Property */ = {
			isa = PBXGroup;
			children = (
				C855B4EA2B10883D007DA332 /* LoadingPropertiesView.swift */,
				C855B4EB2B10883D007DA332 /* PropertyIconView.xib */,
				C855B4EC2B10883D007DA332 /* NoPropertiesView.swift */,
				C855B4ED2B10883D007DA332 /* SearchResultView.swift */,
				C855B4EE2B10883E007DA332 /* PropertyIconView.swift */,
				C855B4EF2B10883E007DA332 /* AlertView.swift */,
				C855B4F02B10883E007DA332 /* PropertyView.swift */,
				C855B4F12B10883E007DA332 /* MainPropertiesView.swift */,
				C855B4F22B10883E007DA332 /* PropertiesView.swift */,
				C855B4F32B10883E007DA332 /* AddProperty */,
			);
			path = Property;
			sourceTree = "<group>";
		};
		C855B4F32B10883E007DA332 /* AddProperty */ = {
			isa = PBXGroup;
			children = (
				C855B4F42B10883E007DA332 /* PropertyAddressView.swift */,
				C855B4F52B10883E007DA332 /* PropertyNameView.swift */,
				C855B4F62B10883E007DA332 /* BubbleView.swift */,
				C855B4F72B10883E007DA332 /* PropertyPhotoView.swift */,
				C855B4F82B10883E007DA332 /* SensorSetupView.swift */,
				C855B4F92B10883E007DA332 /* AddPropertySheetView.swift */,
				C855B4FA2B10883E007DA332 /* PromptInstallationView.swift */,
			);
			path = AddProperty;
			sourceTree = "<group>";
		};
		C855B4FB2B10883E007DA332 /* Heading */ = {
			isa = PBXGroup;
			children = (
				C855B4FC2B10883E007DA332 /* HeadingView.swift */,
			);
			path = Heading;
			sourceTree = "<group>";
		};
		C855B4FD2B10883E007DA332 /* TabBar */ = {
			isa = PBXGroup;
			children = (
				C855B4FE2B10883E007DA332 /* TabBarItemView.swift */,
				C855B4FF2B10883E007DA332 /* TabBarView.swift */,
				C855B5002B10883E007DA332 /* VisualEffectView.swift */,
			);
			path = TabBar;
			sourceTree = "<group>";
		};
		C855B5012B10883E007DA332 /* Map */ = {
			isa = PBXGroup;
			children = (
				C855B5022B10883E007DA332 /* PropertyDetailOverlayView.swift */,
				C855B5032B10883E007DA332 /* HalfCircleShape.swift */,
				C855B5042B10883E007DA332 /* MainMapView.swift */,
				C855B5052B10883E007DA332 /* MapViewController.swift */,
				C855B5062B10883E007DA332 /* Places */,
				C855B50D2B10883E007DA332 /* BatteryView.swift */,
				0A6AF6DC2B18DA570001EDAE /* WifiView.swift */,
				C855B50E2B10883E007DA332 /* AddDetectorConfirmLocationOverlayView.swift */,
				C855B50F2B10883E007DA332 /* MapViewControllerBridge.swift */,
				C855B5102B10883E007DA332 /* DetectorDetailOverlayView.swift */,
				0A6AF6F82B18E3A10001EDAE /* DetectorDetailOverlayRedView.swift */,
				C855B5112B10883E007DA332 /* MapBox */,
				C855B5152B10883E007DA332 /* MapBoxPlaces */,
			);
			path = Map;
			sourceTree = "<group>";
		};
		C855B5062B10883E007DA332 /* Places */ = {
			isa = PBXGroup;
			children = (
				C855B5072B10883E007DA332 /* PlaceSensorMapViewController.swift */,
				C855B5082B10883E007DA332 /* SensorIconView.swift */,
				C855B5092B10883E007DA332 /* PlaceSensorViewControllerBridge.swift */,
				C855B50A2B10883E007DA332 /* SensorSetupOverlayView.swift */,
				C855B50B2B10883E007DA332 /* SensorConfirmLocationOverlayView.swift */,
				C855B50C2B10883E007DA332 /* PlaceSensorView.swift */,
			);
			path = Places;
			sourceTree = "<group>";
		};
		C855B5112B10883E007DA332 /* MapBox */ = {
			isa = PBXGroup;
			children = (
				C855B5122B10883E007DA332 /* MapboxMap.swift */,
				C855B5132B10883E007DA332 /* MapboxViewController.swift */,
				C855B5142B10883E007DA332 /* MapboxMapViewWrapper.swift */,
			);
			path = MapBox;
			sourceTree = "<group>";
		};
		C855B5152B10883E007DA332 /* MapBoxPlaces */ = {
			isa = PBXGroup;
			children = (
				C855B5162B10883E007DA332 /* MapboxPlaceSensorViewWrapper.swift */,
				C855B5172B10883E007DA332 /* MapboxPlaceSensorViewController.swift */,
			);
			path = MapBoxPlaces;
			sourceTree = "<group>";
		};
		C855B5182B10883E007DA332 /* Detector */ = {
			isa = PBXGroup;
			children = (
				C855B5192B10883E007DA332 /* DetectorIconView.xib */,
				C855B51A2B10883E007DA332 /* DetectorIconView.swift */,
			);
			path = Detector;
			sourceTree = "<group>";
		};
		C855B51B2B10883E007DA332 /* Account */ = {
			isa = PBXGroup;
			children = (
				C855B51C2B10883E007DA332 /* AccountEmailView.swift */,
				C855B51D2B10883E007DA332 /* LoginView.swift */,
				C855B51E2B10883E007DA332 /* AccountVerificationCodeView.swift */,
				C855B51F2B10883E007DA332 /* WelcomeView.swift */,
				C855B5202B10883E007DA332 /* AccountView.swift */,
				C855B5212B10883E007DA332 /* AccountCompanyNameView.swift */,
				C855B5222B10883E007DA332 /* AccountPasswordView.swift */,
				C855B5232B10883E007DA332 /* AccountNameView.swift */,
			);
			path = Account;
			sourceTree = "<group>";
		};
		C855B5242B10883E007DA332 /* Resources */ = {
			isa = PBXGroup;
			children = (
				8B4A07AE2AE1FB81005731F6 /* ZXCodeTextfield */,
				C855B5252B10883E007DA332 /* TorchUIApp.swift */,
				C855B5262B10883E007DA332 /* Assets.xcassets */,
			);
			path = Resources;
			sourceTree = "<group>";
		};
		C855B52E2B10883E007DA332 /* Delegate */ = {
			isa = PBXGroup;
			children = (
				C855B52F2B10883E007DA332 /* AppDelegate.swift */,
			);
			path = Delegate;
			sourceTree = "<group>";
		};
		C855B5302B10883E007DA332 /* Managers */ = {
			isa = PBXGroup;
			children = (
				C855B5312B10883E007DA332 /* AuthenticationManager.swift */,
				C855B5322B10883E007DA332 /* WebSocketManager.swift */,
				C855B5332B10883E007DA332 /* SessionManager.swift */,
			);
			path = Managers;
			sourceTree = "<group>";
		};
		C855B5342B10883E007DA332 /* Extensions */ = {
			isa = PBXGroup;
			children = (
				C855B5352B10883E007DA332 /* UIApplication+Extension.swift */,
				C855B5362B10883E007DA332 /* UIImage+Extension.swift */,
				C855B5372B10883E007DA332 /* String+Extension.swift */,
				C855B5382B10883E007DA332 /* Color+Extension.swift */,
				C855B5392B10883E007DA332 /* View+Extension.swift */,
			);
			path = Extensions;
			sourceTree = "<group>";
		};
		C855B53A2B10883E007DA332 /* Models */ = {
			isa = PBXGroup;
			children = (
				C855B53B2B10883E007DA332 /* City.swift */,
				C855B53C2B10883E007DA332 /* DataItem.swift */,
				C855B53D2B10883E007DA332 /* PropertyAddressViewModel.swift */,
				C855B53E2B10883E007DA332 /* DetectorModel.swift */,
				C855B53F2B10883E007DA332 /* AlertModel.swift */,
				C855B5402B10883E007DA332 /* PropertyViewModel.swift */,
				C855B5412B10883E007DA332 /* PropertyModel.swift */,
				C855B5422B10883E007DA332 /* ViewSize.swift */,
				C855B5432B10883E007DA332 /* PropertyPhotoViewModel.swift */,
				C827EA4B2B146935009E6EC8 /* SocketRequest.swift */,
			);
			path = Models;
			sourceTree = "<group>";
		};
		C855B5442B10883E007DA332 /* Storyboards */ = {
			isa = PBXGroup;
			children = (
				C855B5452B10883E007DA332 /* LaunchScreenStoryboard.storyboard */,
			);
			path = Storyboards;
			sourceTree = "<group>";
		};
		C855B5462B10883F007DA332 /* CustomControllers */ = {
			isa = PBXGroup;
			children = (
				C855B5472B10883F007DA332 /* Enums.swift */,
				C855B5482B10883F007DA332 /* CustomButton.swift */,
				C855B5492B10883F007DA332 /* CustomColors.swift */,
				C855B5942B11100A007DA332 /* Strings.swift */,
			);
			path = CustomControllers;
			sourceTree = "<group>";
		};
		CF081936F4D134B31F7A7C3F /* Pods */ = {
			isa = PBXGroup;
			children = (
				09926F4222A147A0A0724977 /* Pods-TorchUI.debug.xcconfig */,
				06A5BCCAF1B34B0A151F0B7E /* Pods-TorchUI.release.xcconfig */,
				3543DCA965350F51F6C6E4E1 /* Pods-TorchUI-TorchUIUITests.debug.xcconfig */,
				8F706F06206D41120E6CC971 /* Pods-TorchUI-TorchUIUITests.release.xcconfig */,
				BFBD6483B88502D280F216F2 /* Pods-TorchUITests.debug.xcconfig */,
				5F678EE1FE285173C6694EAF /* Pods-TorchUITests.release.xcconfig */,
			);
			path = Pods;
			sourceTree = "<group>";
		};
/* End PBXGroup section */

/* Begin PBXNativeTarget section */
		8BF7FC4E2A4D1488005D1160 /* TorchUI */ = {
			isa = PBXNativeTarget;
			buildConfigurationList = 8BF7FC732A4D1489005D1160 /* Build configuration list for PBXNativeTarget "TorchUI" */;
			buildPhases = (
				E6591F83BCB6FE404F23093A /* [CP] Check Pods Manifest.lock */,
				8BF7FC4B2A4D1488005D1160 /* Sources */,
				8BF7FC4C2A4D1488005D1160 /* Frameworks */,
				8BF7FC4D2A4D1488005D1160 /* Resources */,
				532BB0BD4C9A55936A3C5743 /* [CP] Copy Pods Resources */,
				9907A32E9C5FC45F98DFF984 /* [CP] Embed Pods Frameworks */,
			);
			buildRules = (
			);
			dependencies = (
			);
			name = TorchUI;
			packageProductDependencies = (
				8B88C8FD2A70450F008B90A2 /* CodeScanner */,
				8BFF26B52A7B27BF00FDCBD9 /* AWSCognitoAuthPlugin */,
				8BA867BE2A80869D00BEED38 /* PinCodeTextField */,
				8BC224832A859A07000958AA /* ZXCodeTextField */,
			);
			productName = TorchUI;
			productReference = 8BF7FC4F2A4D1488005D1160 /* TorchUI.app */;
			productType = "com.apple.product-type.application";
		};
		8BF7FC5E2A4D1489005D1160 /* TorchUITests */ = {
			isa = PBXNativeTarget;
			buildConfigurationList = 8BF7FC762A4D1489005D1160 /* Build configuration list for PBXNativeTarget "TorchUITests" */;
			buildPhases = (
				ADB446D64D8EED77D00F8EBE /* [CP] Check Pods Manifest.lock */,
				8BF7FC5B2A4D1489005D1160 /* Sources */,
				8BF7FC5C2A4D1489005D1160 /* Frameworks */,
				8BF7FC5D2A4D1489005D1160 /* Resources */,
			);
			buildRules = (
			);
			dependencies = (
				8BF7FC612A4D1489005D1160 /* PBXTargetDependency */,
			);
			name = TorchUITests;
			productName = TorchUITests;
			productReference = 8BF7FC5F2A4D1489005D1160 /* TorchUITests.xctest */;
			productType = "com.apple.product-type.bundle.unit-test";
		};
		8BF7FC682A4D1489005D1160 /* TorchUIUITests */ = {
			isa = PBXNativeTarget;
			buildConfigurationList = 8BF7FC792A4D1489005D1160 /* Build configuration list for PBXNativeTarget "TorchUIUITests" */;
			buildPhases = (
				DA391CC1359AD66B8F78B3D0 /* [CP] Check Pods Manifest.lock */,
				8BF7FC652A4D1489005D1160 /* Sources */,
				8BF7FC662A4D1489005D1160 /* Frameworks */,
				8BF7FC672A4D1489005D1160 /* Resources */,
				F5D2E8F8535DCCA56F9930B1 /* [CP] Copy Pods Resources */,
				31C1622B26D004C21BF184BB /* [CP] Embed Pods Frameworks */,
			);
			buildRules = (
			);
			dependencies = (
				8BF7FC6B2A4D1489005D1160 /* PBXTargetDependency */,
			);
			name = TorchUIUITests;
			productName = TorchUIUITests;
			productReference = 8BF7FC692A4D1489005D1160 /* TorchUIUITests.xctest */;
			productType = "com.apple.product-type.bundle.ui-testing";
		};
/* End PBXNativeTarget section */

/* Begin PBXProject section */
		8BF7FC472A4D1488005D1160 /* Project object */ = {
			isa = PBXProject;
			attributes = {
				BuildIndependentTargetsInParallel = 1;
				LastSwiftUpdateCheck = 1430;
				LastUpgradeCheck = 1430;
				TargetAttributes = {
					8BF7FC4E2A4D1488005D1160 = {
						CreatedOnToolsVersion = 14.3.1;
					};
					8BF7FC5E2A4D1489005D1160 = {
						CreatedOnToolsVersion = 14.3.1;
						TestTargetID = 8BF7FC4E2A4D1488005D1160;
					};
					8BF7FC682A4D1489005D1160 = {
						CreatedOnToolsVersion = 14.3.1;
						TestTargetID = 8BF7FC4E2A4D1488005D1160;
					};
				};
			};
			buildConfigurationList = 8BF7FC4A2A4D1488005D1160 /* Build configuration list for PBXProject "TorchUI" */;
			compatibilityVersion = "Xcode 14.0";
			developmentRegion = en;
			hasScannedForEncodings = 0;
			knownRegions = (
				en,
				Base,
			);
			mainGroup = 8BF7FC462A4D1488005D1160;
			packageReferences = (
				8B88C8FC2A70450F008B90A2 /* XCRemoteSwiftPackageReference "CodeScanner" */,
				8BFF26B42A7B27BF00FDCBD9 /* XCRemoteSwiftPackageReference "amplify-swift" */,
				8BA867BD2A80869D00BEED38 /* XCRemoteSwiftPackageReference "PinCodeTextField" */,
				8BC224822A859A07000958AA /* XCRemoteSwiftPackageReference "ZXCodeTextfield" */,
			);
			productRefGroup = 8BF7FC502A4D1488005D1160 /* Products */;
			projectDirPath = "";
			projectRoot = "";
			targets = (
				8BF7FC4E2A4D1488005D1160 /* TorchUI */,
				8BF7FC5E2A4D1489005D1160 /* TorchUITests */,
				8BF7FC682A4D1489005D1160 /* TorchUIUITests */,
			);
		};
/* End PBXProject section */

/* Begin PBXResourcesBuildPhase section */
		8BF7FC4D2A4D1488005D1160 /* Resources */ = {
			isa = PBXResourcesBuildPhase;
			buildActionMask = 2147483647;
			files = (
				C855B54B2B10883F007DA332 /* PropertyIconView.xib in Resources */,
				8BF7FC8B2A4D14D0005D1160 /* Manrope-ExtraBold.ttf in Resources */,
				8BF7FC5A2A4D1489005D1160 /* Preview Assets.xcassets in Resources */,
				8BF7FC862A4D14D0005D1160 /* Manrope-ExtraLight.ttf in Resources */,
				8BF7FC852A4D14D0005D1160 /* Manrope-Bold.ttf in Resources */,
				8BF7FC882A4D14D0005D1160 /* Manrope-SemiBold.ttf in Resources */,
				C855B57C2B10883F007DA332 /* Assets.xcassets in Resources */,
				8BF7FC872A4D14D0005D1160 /* Manrope-Light.ttf in Resources */,
				C855B5712B10883F007DA332 /* DetectorIconView.xib in Resources */,
				8BF7FC8A2A4D14D0005D1160 /* Manrope-Medium.ttf in Resources */,
				8BF7FC892A4D14D0005D1160 /* Manrope-Regular.ttf in Resources */,
				C855B5902B10883F007DA332 /* LaunchScreenStoryboard.storyboard in Resources */,
				FADFD6D29C0D959575FAAFCB /* awsconfiguration.json in Resources */,
				7264CE919C89CB52F285A91A /* amplifyconfiguration.json in Resources */,
			);
			runOnlyForDeploymentPostprocessing = 0;
		};
		8BF7FC5D2A4D1489005D1160 /* Resources */ = {
			isa = PBXResourcesBuildPhase;
			buildActionMask = 2147483647;
			files = (
			);
			runOnlyForDeploymentPostprocessing = 0;
		};
		8BF7FC672A4D1489005D1160 /* Resources */ = {
			isa = PBXResourcesBuildPhase;
			buildActionMask = 2147483647;
			files = (
			);
			runOnlyForDeploymentPostprocessing = 0;
		};
/* End PBXResourcesBuildPhase section */

/* Begin PBXShellScriptBuildPhase section */
		31C1622B26D004C21BF184BB /* [CP] Embed Pods Frameworks */ = {
			isa = PBXShellScriptBuildPhase;
			buildActionMask = 2147483647;
			files = (
			);
			inputFileListPaths = (
				"${PODS_ROOT}/Target Support Files/Pods-TorchUI-TorchUIUITests/Pods-TorchUI-TorchUIUITests-frameworks-${CONFIGURATION}-input-files.xcfilelist",
			);
			name = "[CP] Embed Pods Frameworks";
			outputFileListPaths = (
				"${PODS_ROOT}/Target Support Files/Pods-TorchUI-TorchUIUITests/Pods-TorchUI-TorchUIUITests-frameworks-${CONFIGURATION}-output-files.xcfilelist",
			);
			runOnlyForDeploymentPostprocessing = 0;
			shellPath = /bin/sh;
			shellScript = "\"${PODS_ROOT}/Target Support Files/Pods-TorchUI-TorchUIUITests/Pods-TorchUI-TorchUIUITests-frameworks.sh\"\n";
			showEnvVarsInLog = 0;
		};
		532BB0BD4C9A55936A3C5743 /* [CP] Copy Pods Resources */ = {
			isa = PBXShellScriptBuildPhase;
			buildActionMask = 2147483647;
			files = (
			);
			inputFileListPaths = (
				"${PODS_ROOT}/Target Support Files/Pods-TorchUI/Pods-TorchUI-resources-${CONFIGURATION}-input-files.xcfilelist",
			);
			name = "[CP] Copy Pods Resources";
			outputFileListPaths = (
				"${PODS_ROOT}/Target Support Files/Pods-TorchUI/Pods-TorchUI-resources-${CONFIGURATION}-output-files.xcfilelist",
			);
			runOnlyForDeploymentPostprocessing = 0;
			shellPath = /bin/sh;
			shellScript = "\"${PODS_ROOT}/Target Support Files/Pods-TorchUI/Pods-TorchUI-resources.sh\"\n";
			showEnvVarsInLog = 0;
		};
		9907A32E9C5FC45F98DFF984 /* [CP] Embed Pods Frameworks */ = {
			isa = PBXShellScriptBuildPhase;
			buildActionMask = 2147483647;
			files = (
			);
			inputFileListPaths = (
				"${PODS_ROOT}/Target Support Files/Pods-TorchUI/Pods-TorchUI-frameworks-${CONFIGURATION}-input-files.xcfilelist",
			);
			name = "[CP] Embed Pods Frameworks";
			outputFileListPaths = (
				"${PODS_ROOT}/Target Support Files/Pods-TorchUI/Pods-TorchUI-frameworks-${CONFIGURATION}-output-files.xcfilelist",
			);
			runOnlyForDeploymentPostprocessing = 0;
			shellPath = /bin/sh;
			shellScript = "\"${PODS_ROOT}/Target Support Files/Pods-TorchUI/Pods-TorchUI-frameworks.sh\"\n";
			showEnvVarsInLog = 0;
		};
		ADB446D64D8EED77D00F8EBE /* [CP] Check Pods Manifest.lock */ = {
			isa = PBXShellScriptBuildPhase;
			buildActionMask = 2147483647;
			files = (
			);
			inputFileListPaths = (
			);
			inputPaths = (
				"${PODS_PODFILE_DIR_PATH}/Podfile.lock",
				"${PODS_ROOT}/Manifest.lock",
			);
			name = "[CP] Check Pods Manifest.lock";
			outputFileListPaths = (
			);
			outputPaths = (
				"$(DERIVED_FILE_DIR)/Pods-TorchUITests-checkManifestLockResult.txt",
			);
			runOnlyForDeploymentPostprocessing = 0;
			shellPath = /bin/sh;
			shellScript = "diff \"${PODS_PODFILE_DIR_PATH}/Podfile.lock\" \"${PODS_ROOT}/Manifest.lock\" > /dev/null\nif [ $? != 0 ] ; then\n    # print error to STDERR\n    echo \"error: The sandbox is not in sync with the Podfile.lock. Run 'pod install' or update your CocoaPods installation.\" >&2\n    exit 1\nfi\n# This output is used by Xcode 'outputs' to avoid re-running this script phase.\necho \"SUCCESS\" > \"${SCRIPT_OUTPUT_FILE_0}\"\n";
			showEnvVarsInLog = 0;
		};
		DA391CC1359AD66B8F78B3D0 /* [CP] Check Pods Manifest.lock */ = {
			isa = PBXShellScriptBuildPhase;
			buildActionMask = 2147483647;
			files = (
			);
			inputFileListPaths = (
			);
			inputPaths = (
				"${PODS_PODFILE_DIR_PATH}/Podfile.lock",
				"${PODS_ROOT}/Manifest.lock",
			);
			name = "[CP] Check Pods Manifest.lock";
			outputFileListPaths = (
			);
			outputPaths = (
				"$(DERIVED_FILE_DIR)/Pods-TorchUI-TorchUIUITests-checkManifestLockResult.txt",
			);
			runOnlyForDeploymentPostprocessing = 0;
			shellPath = /bin/sh;
			shellScript = "diff \"${PODS_PODFILE_DIR_PATH}/Podfile.lock\" \"${PODS_ROOT}/Manifest.lock\" > /dev/null\nif [ $? != 0 ] ; then\n    # print error to STDERR\n    echo \"error: The sandbox is not in sync with the Podfile.lock. Run 'pod install' or update your CocoaPods installation.\" >&2\n    exit 1\nfi\n# This output is used by Xcode 'outputs' to avoid re-running this script phase.\necho \"SUCCESS\" > \"${SCRIPT_OUTPUT_FILE_0}\"\n";
			showEnvVarsInLog = 0;
		};
		E6591F83BCB6FE404F23093A /* [CP] Check Pods Manifest.lock */ = {
			isa = PBXShellScriptBuildPhase;
			buildActionMask = 2147483647;
			files = (
			);
			inputFileListPaths = (
			);
			inputPaths = (
				"${PODS_PODFILE_DIR_PATH}/Podfile.lock",
				"${PODS_ROOT}/Manifest.lock",
			);
			name = "[CP] Check Pods Manifest.lock";
			outputFileListPaths = (
			);
			outputPaths = (
				"$(DERIVED_FILE_DIR)/Pods-TorchUI-checkManifestLockResult.txt",
			);
			runOnlyForDeploymentPostprocessing = 0;
			shellPath = /bin/sh;
			shellScript = "diff \"${PODS_PODFILE_DIR_PATH}/Podfile.lock\" \"${PODS_ROOT}/Manifest.lock\" > /dev/null\nif [ $? != 0 ] ; then\n    # print error to STDERR\n    echo \"error: The sandbox is not in sync with the Podfile.lock. Run 'pod install' or update your CocoaPods installation.\" >&2\n    exit 1\nfi\n# This output is used by Xcode 'outputs' to avoid re-running this script phase.\necho \"SUCCESS\" > \"${SCRIPT_OUTPUT_FILE_0}\"\n";
			showEnvVarsInLog = 0;
		};
		F5D2E8F8535DCCA56F9930B1 /* [CP] Copy Pods Resources */ = {
			isa = PBXShellScriptBuildPhase;
			buildActionMask = 2147483647;
			files = (
			);
			inputFileListPaths = (
				"${PODS_ROOT}/Target Support Files/Pods-TorchUI-TorchUIUITests/Pods-TorchUI-TorchUIUITests-resources-${CONFIGURATION}-input-files.xcfilelist",
			);
			name = "[CP] Copy Pods Resources";
			outputFileListPaths = (
				"${PODS_ROOT}/Target Support Files/Pods-TorchUI-TorchUIUITests/Pods-TorchUI-TorchUIUITests-resources-${CONFIGURATION}-output-files.xcfilelist",
			);
			runOnlyForDeploymentPostprocessing = 0;
			shellPath = /bin/sh;
			shellScript = "\"${PODS_ROOT}/Target Support Files/Pods-TorchUI-TorchUIUITests/Pods-TorchUI-TorchUIUITests-resources.sh\"\n";
			showEnvVarsInLog = 0;
		};
/* End PBXShellScriptBuildPhase section */

/* Begin PBXSourcesBuildPhase section */
		8BF7FC4B2A4D1488005D1160 /* Sources */ = {
			isa = PBXSourcesBuildPhase;
			buildActionMask = 2147483647;
			files = (
				C855B5722B10883F007DA332 /* DetectorIconView.swift in Sources */,
				C855B58C2B10883F007DA332 /* PropertyViewModel.swift in Sources */,
				C855B5762B10883F007DA332 /* WelcomeView.swift in Sources */,
				C855B5512B10883F007DA332 /* MainPropertiesView.swift in Sources */,
				C855B58F2B10883F007DA332 /* PropertyPhotoViewModel.swift in Sources */,
				C855B58D2B10883F007DA332 /* PropertyModel.swift in Sources */,
				C855B54F2B10883F007DA332 /* AlertView.swift in Sources */,
				C855B5772B10883F007DA332 /* AccountView.swift in Sources */,
				C855B56A2B10883F007DA332 /* MapViewControllerBridge.swift in Sources */,
				C855B58B2B10883F007DA332 /* AlertModel.swift in Sources */,
				C855B5602B10883F007DA332 /* MainMapView.swift in Sources */,
				C855B55F2B10883F007DA332 /* HalfCircleShape.swift in Sources */,
				C855B5782B10883F007DA332 /* AccountCompanyNameView.swift in Sources */,
				C855B5702B10883F007DA332 /* MapboxPlaceSensorViewController.swift in Sources */,
				C855B57B2B10883F007DA332 /* TorchUIApp.swift in Sources */,
				C855B57E2B10883F007DA332 /* AppDelegate.swift in Sources */,
				C855B5892B10883F007DA332 /* PropertyAddressViewModel.swift in Sources */,
				C855B5632B10883F007DA332 /* SensorIconView.swift in Sources */,
				C855B58A2B10883F007DA332 /* DetectorModel.swift in Sources */,
				C855B5932B10883F007DA332 /* CustomColors.swift in Sources */,
				C855B57F2B10883F007DA332 /* AuthenticationManager.swift in Sources */,
				C855B54C2B10883F007DA332 /* NoPropertiesView.swift in Sources */,
				C855B5852B10883F007DA332 /* Color+Extension.swift in Sources */,
				C855B5682B10883F007DA332 /* BatteryView.swift in Sources */,
				C855B56F2B10883F007DA332 /* MapboxPlaceSensorViewWrapper.swift in Sources */,
				C855B5912B10883F007DA332 /* Enums.swift in Sources */,
				C855B5622B10883F007DA332 /* PlaceSensorMapViewController.swift in Sources */,
				0A6AF6DD2B18DA570001EDAE /* WifiView.swift in Sources */,
				C855B5652B10883F007DA332 /* SensorSetupOverlayView.swift in Sources */,
				C855B54D2B10883F007DA332 /* SearchResultView.swift in Sources */,
				0A6AF6F92B18E3A10001EDAE /* DetectorDetailOverlayRedView.swift in Sources */,
				C855B5752B10883F007DA332 /* AccountVerificationCodeView.swift in Sources */,
				C855B5862B10883F007DA332 /* View+Extension.swift in Sources */,
				C855B5832B10883F007DA332 /* UIImage+Extension.swift in Sources */,
				C855B5872B10883F007DA332 /* City.swift in Sources */,
				C855B5542B10883F007DA332 /* PropertyNameView.swift in Sources */,
				C855B5842B10883F007DA332 /* String+Extension.swift in Sources */,
				C855B5592B10883F007DA332 /* PromptInstallationView.swift in Sources */,
				C855B57A2B10883F007DA332 /* AccountNameView.swift in Sources */,
				C855B56C2B10883F007DA332 /* MapboxMap.swift in Sources */,
				C855B58E2B10883F007DA332 /* ViewSize.swift in Sources */,
				C855B56B2B10883F007DA332 /* DetectorDetailOverlayView.swift in Sources */,
				C855B5532B10883F007DA332 /* PropertyAddressView.swift in Sources */,
				C855B5612B10883F007DA332 /* MapViewController.swift in Sources */,
				C855B55E2B10883F007DA332 /* PropertyDetailOverlayView.swift in Sources */,
				C855B5822B10883F007DA332 /* UIApplication+Extension.swift in Sources */,
				C855B55A2B10883F007DA332 /* HeadingView.swift in Sources */,
				C855B5662B10883F007DA332 /* SensorConfirmLocationOverlayView.swift in Sources */,
				C855B5672B10883F007DA332 /* PlaceSensorView.swift in Sources */,
				C855B5502B10883F007DA332 /* PropertyView.swift in Sources */,
				C855B54E2B10883F007DA332 /* PropertyIconView.swift in Sources */,
				C855B55C2B10883F007DA332 /* TabBarView.swift in Sources */,
				C855B5562B10883F007DA332 /* PropertyPhotoView.swift in Sources */,
				C855B5552B10883F007DA332 /* BubbleView.swift in Sources */,
				C855B5882B10883F007DA332 /* DataItem.swift in Sources */,
				C855B56E2B10883F007DA332 /* MapboxMapViewWrapper.swift in Sources */,
				C855B5812B10883F007DA332 /* SessionManager.swift in Sources */,
				C855B5692B10883F007DA332 /* AddDetectorConfirmLocationOverlayView.swift in Sources */,
				C855B55B2B10883F007DA332 /* TabBarItemView.swift in Sources */,
				C855B54A2B10883F007DA332 /* LoadingPropertiesView.swift in Sources */,
				C855B5732B10883F007DA332 /* AccountEmailView.swift in Sources */,
				C855B5642B10883F007DA332 /* PlaceSensorViewControllerBridge.swift in Sources */,
				C827EA4C2B146935009E6EC8 /* SocketRequest.swift in Sources */,
				C855B56D2B10883F007DA332 /* MapboxViewController.swift in Sources */,
				C855B5572B10883F007DA332 /* SensorSetupView.swift in Sources */,
				C855B5952B11100A007DA332 /* Strings.swift in Sources */,
				C855B5522B10883F007DA332 /* PropertiesView.swift in Sources */,
				C855B55D2B10883F007DA332 /* VisualEffectView.swift in Sources */,
				C855B5802B10883F007DA332 /* WebSocketManager.swift in Sources */,
				C855B5922B10883F007DA332 /* CustomButton.swift in Sources */,
				C855B5742B10883F007DA332 /* LoginView.swift in Sources */,
				C855B5582B10883F007DA332 /* AddPropertySheetView.swift in Sources */,
				C855B5792B10883F007DA332 /* AccountPasswordView.swift in Sources */,
			);
			runOnlyForDeploymentPostprocessing = 0;
		};
		8BF7FC5B2A4D1489005D1160 /* Sources */ = {
			isa = PBXSourcesBuildPhase;
			buildActionMask = 2147483647;
			files = (
				8BF7FC642A4D1489005D1160 /* TorchUITests.swift in Sources */,
			);
			runOnlyForDeploymentPostprocessing = 0;
		};
		8BF7FC652A4D1489005D1160 /* Sources */ = {
			isa = PBXSourcesBuildPhase;
			buildActionMask = 2147483647;
			files = (
				8BF7FC6E2A4D1489005D1160 /* TorchUIUITests.swift in Sources */,
				8BF7FC702A4D1489005D1160 /* TorchUIUITestsLaunchTests.swift in Sources */,
			);
			runOnlyForDeploymentPostprocessing = 0;
		};
/* End PBXSourcesBuildPhase section */

/* Begin PBXTargetDependency section */
		8BF7FC612A4D1489005D1160 /* PBXTargetDependency */ = {
			isa = PBXTargetDependency;
			target = 8BF7FC4E2A4D1488005D1160 /* TorchUI */;
			targetProxy = 8BF7FC602A4D1489005D1160 /* PBXContainerItemProxy */;
		};
		8BF7FC6B2A4D1489005D1160 /* PBXTargetDependency */ = {
			isa = PBXTargetDependency;
			target = 8BF7FC4E2A4D1488005D1160 /* TorchUI */;
			targetProxy = 8BF7FC6A2A4D1489005D1160 /* PBXContainerItemProxy */;
		};
/* End PBXTargetDependency section */

/* Begin XCBuildConfiguration section */
		8BF7FC712A4D1489005D1160 /* Debug */ = {
			isa = XCBuildConfiguration;
			buildSettings = {
				ALWAYS_SEARCH_USER_PATHS = NO;
				CLANG_ANALYZER_NONNULL = YES;
				CLANG_ANALYZER_NUMBER_OBJECT_CONVERSION = YES_AGGRESSIVE;
				CLANG_CXX_LANGUAGE_STANDARD = "gnu++20";
				CLANG_ENABLE_MODULES = YES;
				CLANG_ENABLE_OBJC_ARC = YES;
				CLANG_ENABLE_OBJC_WEAK = YES;
				CLANG_WARN_BLOCK_CAPTURE_AUTORELEASING = YES;
				CLANG_WARN_BOOL_CONVERSION = YES;
				CLANG_WARN_COMMA = YES;
				CLANG_WARN_CONSTANT_CONVERSION = YES;
				CLANG_WARN_DEPRECATED_OBJC_IMPLEMENTATIONS = YES;
				CLANG_WARN_DIRECT_OBJC_ISA_USAGE = YES_ERROR;
				CLANG_WARN_DOCUMENTATION_COMMENTS = YES;
				CLANG_WARN_EMPTY_BODY = YES;
				CLANG_WARN_ENUM_CONVERSION = YES;
				CLANG_WARN_INFINITE_RECURSION = YES;
				CLANG_WARN_INT_CONVERSION = YES;
				CLANG_WARN_NON_LITERAL_NULL_CONVERSION = YES;
				CLANG_WARN_OBJC_IMPLICIT_RETAIN_SELF = YES;
				CLANG_WARN_OBJC_LITERAL_CONVERSION = YES;
				CLANG_WARN_OBJC_ROOT_CLASS = YES_ERROR;
				CLANG_WARN_QUOTED_INCLUDE_IN_FRAMEWORK_HEADER = YES;
				CLANG_WARN_RANGE_LOOP_ANALYSIS = YES;
				CLANG_WARN_STRICT_PROTOTYPES = YES;
				CLANG_WARN_SUSPICIOUS_MOVE = YES;
				CLANG_WARN_UNGUARDED_AVAILABILITY = YES_AGGRESSIVE;
				CLANG_WARN_UNREACHABLE_CODE = YES;
				CLANG_WARN__DUPLICATE_METHOD_MATCH = YES;
				COPY_PHASE_STRIP = NO;
				DEBUG_INFORMATION_FORMAT = dwarf;
				ENABLE_STRICT_OBJC_MSGSEND = YES;
				ENABLE_TESTABILITY = YES;
				GCC_C_LANGUAGE_STANDARD = gnu11;
				GCC_DYNAMIC_NO_PIC = NO;
				GCC_NO_COMMON_BLOCKS = YES;
				GCC_OPTIMIZATION_LEVEL = 0;
				GCC_PREPROCESSOR_DEFINITIONS = (
					"DEBUG=1",
					"$(inherited)",
				);
				GCC_WARN_64_TO_32_BIT_CONVERSION = YES;
				GCC_WARN_ABOUT_RETURN_TYPE = YES_ERROR;
				GCC_WARN_UNDECLARED_SELECTOR = YES;
				GCC_WARN_UNINITIALIZED_AUTOS = YES_AGGRESSIVE;
				GCC_WARN_UNUSED_FUNCTION = YES;
				GCC_WARN_UNUSED_VARIABLE = YES;
				IPHONEOS_DEPLOYMENT_TARGET = 16.4;
				MTL_ENABLE_DEBUG_INFO = INCLUDE_SOURCE;
				MTL_FAST_MATH = YES;
				ONLY_ACTIVE_ARCH = YES;
				SDKROOT = iphoneos;
				SWIFT_ACTIVE_COMPILATION_CONDITIONS = DEBUG;
				SWIFT_OPTIMIZATION_LEVEL = "-Onone";
			};
			name = Debug;
		};
		8BF7FC722A4D1489005D1160 /* Release */ = {
			isa = XCBuildConfiguration;
			buildSettings = {
				ALWAYS_SEARCH_USER_PATHS = NO;
				CLANG_ANALYZER_NONNULL = YES;
				CLANG_ANALYZER_NUMBER_OBJECT_CONVERSION = YES_AGGRESSIVE;
				CLANG_CXX_LANGUAGE_STANDARD = "gnu++20";
				CLANG_ENABLE_MODULES = YES;
				CLANG_ENABLE_OBJC_ARC = YES;
				CLANG_ENABLE_OBJC_WEAK = YES;
				CLANG_WARN_BLOCK_CAPTURE_AUTORELEASING = YES;
				CLANG_WARN_BOOL_CONVERSION = YES;
				CLANG_WARN_COMMA = YES;
				CLANG_WARN_CONSTANT_CONVERSION = YES;
				CLANG_WARN_DEPRECATED_OBJC_IMPLEMENTATIONS = YES;
				CLANG_WARN_DIRECT_OBJC_ISA_USAGE = YES_ERROR;
				CLANG_WARN_DOCUMENTATION_COMMENTS = YES;
				CLANG_WARN_EMPTY_BODY = YES;
				CLANG_WARN_ENUM_CONVERSION = YES;
				CLANG_WARN_INFINITE_RECURSION = YES;
				CLANG_WARN_INT_CONVERSION = YES;
				CLANG_WARN_NON_LITERAL_NULL_CONVERSION = YES;
				CLANG_WARN_OBJC_IMPLICIT_RETAIN_SELF = YES;
				CLANG_WARN_OBJC_LITERAL_CONVERSION = YES;
				CLANG_WARN_OBJC_ROOT_CLASS = YES_ERROR;
				CLANG_WARN_QUOTED_INCLUDE_IN_FRAMEWORK_HEADER = YES;
				CLANG_WARN_RANGE_LOOP_ANALYSIS = YES;
				CLANG_WARN_STRICT_PROTOTYPES = YES;
				CLANG_WARN_SUSPICIOUS_MOVE = YES;
				CLANG_WARN_UNGUARDED_AVAILABILITY = YES_AGGRESSIVE;
				CLANG_WARN_UNREACHABLE_CODE = YES;
				CLANG_WARN__DUPLICATE_METHOD_MATCH = YES;
				COPY_PHASE_STRIP = NO;
				DEBUG_INFORMATION_FORMAT = "dwarf-with-dsym";
				ENABLE_NS_ASSERTIONS = NO;
				ENABLE_STRICT_OBJC_MSGSEND = YES;
				GCC_C_LANGUAGE_STANDARD = gnu11;
				GCC_NO_COMMON_BLOCKS = YES;
				GCC_WARN_64_TO_32_BIT_CONVERSION = YES;
				GCC_WARN_ABOUT_RETURN_TYPE = YES_ERROR;
				GCC_WARN_UNDECLARED_SELECTOR = YES;
				GCC_WARN_UNINITIALIZED_AUTOS = YES_AGGRESSIVE;
				GCC_WARN_UNUSED_FUNCTION = YES;
				GCC_WARN_UNUSED_VARIABLE = YES;
				IPHONEOS_DEPLOYMENT_TARGET = 16.4;
				MTL_ENABLE_DEBUG_INFO = NO;
				MTL_FAST_MATH = YES;
				SDKROOT = iphoneos;
				SWIFT_COMPILATION_MODE = wholemodule;
				SWIFT_OPTIMIZATION_LEVEL = "-O";
				VALIDATE_PRODUCT = YES;
			};
			name = Release;
		};
		8BF7FC742A4D1489005D1160 /* Debug */ = {
			isa = XCBuildConfiguration;
			baseConfigurationReference = 09926F4222A147A0A0724977 /* Pods-TorchUI.debug.xcconfig */;
			buildSettings = {
				ASSETCATALOG_COMPILER_APPICON_NAME = AppIcon;
				ASSETCATALOG_COMPILER_GLOBAL_ACCENT_COLOR_NAME = AccentColor;
				ASSETCATALOG_COMPILER_INCLUDE_ALL_APPICON_ASSETS = YES;
				CODE_SIGN_IDENTITY = "Apple Development";
				CODE_SIGN_STYLE = Automatic;
				CURRENT_PROJECT_VERSION = 6;
				DEVELOPMENT_ASSET_PATHS = "\"TorchUI/Preview Content\"";
				DEVELOPMENT_TEAM = 77FN7BC489;
				ENABLE_PREVIEWS = YES;
				GENERATE_INFOPLIST_FILE = YES;
				INFOPLIST_FILE = TorchUI/Info.plist;
				INFOPLIST_KEY_CFBundleDisplayName = Torch;
				INFOPLIST_KEY_NSCameraUsageDescription = "Used to scan QR code on sensors.";
				INFOPLIST_KEY_NSLocationWhenInUseUsageDescription = "Used to identify sensor location.";
				INFOPLIST_KEY_UIApplicationSceneManifest_Generation = YES;
				INFOPLIST_KEY_UIApplicationSupportsIndirectInputEvents = YES;
				INFOPLIST_KEY_UILaunchStoryboardName = LaunchScreenStoryboard.storyboard;
				INFOPLIST_KEY_UISupportedInterfaceOrientations = UIInterfaceOrientationPortrait;
				INFOPLIST_KEY_UISupportedInterfaceOrientations_iPad = "UIInterfaceOrientationLandscapeLeft UIInterfaceOrientationLandscapeRight UIInterfaceOrientationPortrait UIInterfaceOrientationPortraitUpsideDown";
				INFOPLIST_KEY_UIUserInterfaceStyle = Light;
				LD_RUNPATH_SEARCH_PATHS = (
					"$(inherited)",
					"@executable_path/Frameworks",
				);
				MARKETING_VERSION = 1.6;
				PRODUCT_BUNDLE_IDENTIFIER = com.torchsensors.TorchUI;
				PRODUCT_NAME = "$(TARGET_NAME)";
				PROVISIONING_PROFILE_SPECIFIER = "";
				SUPPORTED_PLATFORMS = "iphoneos iphonesimulator";
				SUPPORTS_MACCATALYST = NO;
				SUPPORTS_MAC_DESIGNED_FOR_IPHONE_IPAD = YES;
				SWIFT_EMIT_LOC_STRINGS = YES;
				SWIFT_VERSION = 5.0;
				TARGETED_DEVICE_FAMILY = 1;
			};
			name = Debug;
		};
		8BF7FC752A4D1489005D1160 /* Release */ = {
			isa = XCBuildConfiguration;
			baseConfigurationReference = 06A5BCCAF1B34B0A151F0B7E /* Pods-TorchUI.release.xcconfig */;
			buildSettings = {
				ASSETCATALOG_COMPILER_APPICON_NAME = AppIcon;
				ASSETCATALOG_COMPILER_GLOBAL_ACCENT_COLOR_NAME = AccentColor;
				ASSETCATALOG_COMPILER_INCLUDE_ALL_APPICON_ASSETS = YES;
				CODE_SIGN_IDENTITY = "Apple Development";
				CODE_SIGN_STYLE = Automatic;
				CURRENT_PROJECT_VERSION = 6;
				DEVELOPMENT_ASSET_PATHS = "\"TorchUI/Preview Content\"";
				DEVELOPMENT_TEAM = 77FN7BC489;
				ENABLE_PREVIEWS = YES;
				GENERATE_INFOPLIST_FILE = YES;
				INFOPLIST_FILE = TorchUI/Info.plist;
				INFOPLIST_KEY_CFBundleDisplayName = Torch;
				INFOPLIST_KEY_NSCameraUsageDescription = "Used to scan QR code on sensors.";
				INFOPLIST_KEY_NSLocationWhenInUseUsageDescription = "Used to identify sensor location.";
				INFOPLIST_KEY_UIApplicationSceneManifest_Generation = YES;
				INFOPLIST_KEY_UIApplicationSupportsIndirectInputEvents = YES;
				INFOPLIST_KEY_UILaunchStoryboardName = LaunchScreenStoryboard.storyboard;
				INFOPLIST_KEY_UISupportedInterfaceOrientations = UIInterfaceOrientationPortrait;
				INFOPLIST_KEY_UISupportedInterfaceOrientations_iPad = "UIInterfaceOrientationLandscapeLeft UIInterfaceOrientationLandscapeRight UIInterfaceOrientationPortrait UIInterfaceOrientationPortraitUpsideDown";
				INFOPLIST_KEY_UIUserInterfaceStyle = Light;
				LD_RUNPATH_SEARCH_PATHS = (
					"$(inherited)",
					"@executable_path/Frameworks",
				);
				MARKETING_VERSION = 1.6;
				PRODUCT_BUNDLE_IDENTIFIER = com.torchsensors.TorchUI;
				PRODUCT_NAME = "$(TARGET_NAME)";
				PROVISIONING_PROFILE_SPECIFIER = "";
				SUPPORTED_PLATFORMS = "iphoneos iphonesimulator";
				SUPPORTS_MACCATALYST = NO;
				SUPPORTS_MAC_DESIGNED_FOR_IPHONE_IPAD = YES;
				SWIFT_EMIT_LOC_STRINGS = YES;
				SWIFT_VERSION = 5.0;
				TARGETED_DEVICE_FAMILY = 1;
			};
			name = Release;
		};
		8BF7FC772A4D1489005D1160 /* Debug */ = {
			isa = XCBuildConfiguration;
			baseConfigurationReference = BFBD6483B88502D280F216F2 /* Pods-TorchUITests.debug.xcconfig */;
			buildSettings = {
				ALWAYS_EMBED_SWIFT_STANDARD_LIBRARIES = YES;
				BUNDLE_LOADER = "$(TEST_HOST)";
				CODE_SIGN_STYLE = Automatic;
				CURRENT_PROJECT_VERSION = 1;
				DEVELOPMENT_TEAM = H3MR536ERJ;
				GENERATE_INFOPLIST_FILE = YES;
				IPHONEOS_DEPLOYMENT_TARGET = 16.4;
				MARKETING_VERSION = 1.0;
				PRODUCT_BUNDLE_IDENTIFIER = com.torchsensors.TorchUITests;
				PRODUCT_NAME = "$(TARGET_NAME)";
				SWIFT_EMIT_LOC_STRINGS = NO;
				SWIFT_VERSION = 5.0;
				TARGETED_DEVICE_FAMILY = "1,2";
				TEST_HOST = "$(BUILT_PRODUCTS_DIR)/TorchUI.app/$(BUNDLE_EXECUTABLE_FOLDER_PATH)/TorchUI";
			};
			name = Debug;
		};
		8BF7FC782A4D1489005D1160 /* Release */ = {
			isa = XCBuildConfiguration;
			baseConfigurationReference = 5F678EE1FE285173C6694EAF /* Pods-TorchUITests.release.xcconfig */;
			buildSettings = {
				ALWAYS_EMBED_SWIFT_STANDARD_LIBRARIES = YES;
				BUNDLE_LOADER = "$(TEST_HOST)";
				CODE_SIGN_STYLE = Automatic;
				CURRENT_PROJECT_VERSION = 1;
				DEVELOPMENT_TEAM = H3MR536ERJ;
				GENERATE_INFOPLIST_FILE = YES;
				IPHONEOS_DEPLOYMENT_TARGET = 16.4;
				MARKETING_VERSION = 1.0;
				PRODUCT_BUNDLE_IDENTIFIER = com.torchsensors.TorchUITests;
				PRODUCT_NAME = "$(TARGET_NAME)";
				SWIFT_EMIT_LOC_STRINGS = NO;
				SWIFT_VERSION = 5.0;
				TARGETED_DEVICE_FAMILY = "1,2";
				TEST_HOST = "$(BUILT_PRODUCTS_DIR)/TorchUI.app/$(BUNDLE_EXECUTABLE_FOLDER_PATH)/TorchUI";
			};
			name = Release;
		};
		8BF7FC7A2A4D1489005D1160 /* Debug */ = {
			isa = XCBuildConfiguration;
			baseConfigurationReference = 3543DCA965350F51F6C6E4E1 /* Pods-TorchUI-TorchUIUITests.debug.xcconfig */;
			buildSettings = {
				ALWAYS_EMBED_SWIFT_STANDARD_LIBRARIES = YES;
				CODE_SIGN_STYLE = Automatic;
				CURRENT_PROJECT_VERSION = 1;
				DEVELOPMENT_TEAM = H3MR536ERJ;
				GENERATE_INFOPLIST_FILE = YES;
				MARKETING_VERSION = 1.0;
				PRODUCT_BUNDLE_IDENTIFIER = com.torchsensors.TorchUIUITests;
				PRODUCT_NAME = "$(TARGET_NAME)";
				SWIFT_EMIT_LOC_STRINGS = NO;
				SWIFT_VERSION = 5.0;
				TARGETED_DEVICE_FAMILY = "1,2";
				TEST_TARGET_NAME = TorchUI;
			};
			name = Debug;
		};
		8BF7FC7B2A4D1489005D1160 /* Release */ = {
			isa = XCBuildConfiguration;
			baseConfigurationReference = 8F706F06206D41120E6CC971 /* Pods-TorchUI-TorchUIUITests.release.xcconfig */;
			buildSettings = {
				ALWAYS_EMBED_SWIFT_STANDARD_LIBRARIES = YES;
				CODE_SIGN_STYLE = Automatic;
				CURRENT_PROJECT_VERSION = 1;
				DEVELOPMENT_TEAM = H3MR536ERJ;
				GENERATE_INFOPLIST_FILE = YES;
				MARKETING_VERSION = 1.0;
				PRODUCT_BUNDLE_IDENTIFIER = com.torchsensors.TorchUIUITests;
				PRODUCT_NAME = "$(TARGET_NAME)";
				SWIFT_EMIT_LOC_STRINGS = NO;
				SWIFT_VERSION = 5.0;
				TARGETED_DEVICE_FAMILY = "1,2";
				TEST_TARGET_NAME = TorchUI;
			};
			name = Release;
		};
/* End XCBuildConfiguration section */

/* Begin XCConfigurationList section */
		8BF7FC4A2A4D1488005D1160 /* Build configuration list for PBXProject "TorchUI" */ = {
			isa = XCConfigurationList;
			buildConfigurations = (
				8BF7FC712A4D1489005D1160 /* Debug */,
				8BF7FC722A4D1489005D1160 /* Release */,
			);
			defaultConfigurationIsVisible = 0;
			defaultConfigurationName = Release;
		};
		8BF7FC732A4D1489005D1160 /* Build configuration list for PBXNativeTarget "TorchUI" */ = {
			isa = XCConfigurationList;
			buildConfigurations = (
				8BF7FC742A4D1489005D1160 /* Debug */,
				8BF7FC752A4D1489005D1160 /* Release */,
			);
			defaultConfigurationIsVisible = 0;
			defaultConfigurationName = Release;
		};
		8BF7FC762A4D1489005D1160 /* Build configuration list for PBXNativeTarget "TorchUITests" */ = {
			isa = XCConfigurationList;
			buildConfigurations = (
				8BF7FC772A4D1489005D1160 /* Debug */,
				8BF7FC782A4D1489005D1160 /* Release */,
			);
			defaultConfigurationIsVisible = 0;
			defaultConfigurationName = Release;
		};
		8BF7FC792A4D1489005D1160 /* Build configuration list for PBXNativeTarget "TorchUIUITests" */ = {
			isa = XCConfigurationList;
			buildConfigurations = (
				8BF7FC7A2A4D1489005D1160 /* Debug */,
				8BF7FC7B2A4D1489005D1160 /* Release */,
			);
			defaultConfigurationIsVisible = 0;
			defaultConfigurationName = Release;
		};
/* End XCConfigurationList section */

/* Begin XCRemoteSwiftPackageReference section */
		8B88C8FC2A70450F008B90A2 /* XCRemoteSwiftPackageReference "CodeScanner" */ = {
			isa = XCRemoteSwiftPackageReference;
			repositoryURL = "https://github.com/twostraws/CodeScanner";
			requirement = {
				kind = upToNextMajorVersion;
				minimumVersion = 2.0.0;
			};
		};
		8BA867BD2A80869D00BEED38 /* XCRemoteSwiftPackageReference "PinCodeTextField" */ = {
			isa = XCRemoteSwiftPackageReference;
			repositoryURL = "https://github.com/quavodanceq/PinCodeTextField";
			requirement = {
				branch = main;
				kind = branch;
			};
		};
		8BC224822A859A07000958AA /* XCRemoteSwiftPackageReference "ZXCodeTextfield" */ = {
			isa = XCRemoteSwiftPackageReference;
			repositoryURL = "https://github.com/andreysavie/ZXCodeTextfield";
			requirement = {
				branch = main;
				kind = branch;
			};
		};
		8BFF26B42A7B27BF00FDCBD9 /* XCRemoteSwiftPackageReference "amplify-swift" */ = {
			isa = XCRemoteSwiftPackageReference;
			repositoryURL = "https://github.com/aws-amplify/amplify-swift";
			requirement = {
				kind = upToNextMajorVersion;
				minimumVersion = 2.0.0;
			};
		};
/* End XCRemoteSwiftPackageReference section */

/* Begin XCSwiftPackageProductDependency section */
		8B88C8FD2A70450F008B90A2 /* CodeScanner */ = {
			isa = XCSwiftPackageProductDependency;
			package = 8B88C8FC2A70450F008B90A2 /* XCRemoteSwiftPackageReference "CodeScanner" */;
			productName = CodeScanner;
		};
		8BA867BE2A80869D00BEED38 /* PinCodeTextField */ = {
			isa = XCSwiftPackageProductDependency;
			package = 8BA867BD2A80869D00BEED38 /* XCRemoteSwiftPackageReference "PinCodeTextField" */;
			productName = PinCodeTextField;
		};
		8BC224832A859A07000958AA /* ZXCodeTextField */ = {
			isa = XCSwiftPackageProductDependency;
			package = 8BC224822A859A07000958AA /* XCRemoteSwiftPackageReference "ZXCodeTextfield" */;
			productName = ZXCodeTextField;
		};
		8BFF26B52A7B27BF00FDCBD9 /* AWSCognitoAuthPlugin */ = {
			isa = XCSwiftPackageProductDependency;
			package = 8BFF26B42A7B27BF00FDCBD9 /* XCRemoteSwiftPackageReference "amplify-swift" */;
			productName = AWSCognitoAuthPlugin;
		};
/* End XCSwiftPackageProductDependency section */
	};
	rootObject = 8BF7FC472A4D1488005D1160 /* Project object */;
}
